// !$*UTF8*$!
{
	archiveVersion = 1;
	classes = {
	};
	objectVersion = 46;
	objects = {

/* Begin PBXBuildFile section */
		9B4629BD15CA506600BBC101 /* QuartzCore.framework in Frameworks */ = {isa = PBXBuildFile; fileRef = 9B4629BC15CA506600BBC101 /* QuartzCore.framework */; };
		9B4629BF15CA506600BBC101 /* OpenGL.framework in Frameworks */ = {isa = PBXBuildFile; fileRef = 9B4629BE15CA506600BBC101 /* OpenGL.framework */; };
		9B4629C115CA506600BBC101 /* OpenAL.framework in Frameworks */ = {isa = PBXBuildFile; fileRef = 9B4629C015CA506600BBC101 /* OpenAL.framework */; };
		9B4629C315CA506600BBC101 /* AudioToolbox.framework in Frameworks */ = {isa = PBXBuildFile; fileRef = 9B4629C215CA506600BBC101 /* AudioToolbox.framework */; };
		9B4629C515CA506600BBC101 /* AppKit.framework in Frameworks */ = {isa = PBXBuildFile; fileRef = 9B4629C415CA506600BBC101 /* AppKit.framework */; };
		9B4629C715CA506600BBC101 /* Foundation.framework in Frameworks */ = {isa = PBXBuildFile; fileRef = 9B4629C615CA506600BBC101 /* Foundation.framework */; };
		9B4629CD15CA506600BBC101 /* InfoPlist.strings in Resources */ = {isa = PBXBuildFile; fileRef = 9B4629CB15CA506600BBC101 /* InfoPlist.strings */; };
		9B4629D015CA506600BBC101 /* MainMenu.xib in Resources */ = {isa = PBXBuildFile; fileRef = 9B4629CE15CA506600BBC101 /* MainMenu.xib */; };
		9B4629D215CA506600BBC101 /* fps_images.png in Resources */ = {isa = PBXBuildFile; fileRef = 9B4629D115CA506600BBC101 /* fps_images.png */; };
		9B4629D415CA506600BBC101 /* icon.icns in Resources */ = {isa = PBXBuildFile; fileRef = 9B4629D315CA506600BBC101 /* icon.icns */; };
		9B4629DA15CA506600BBC101 /* CCAction.m in Sources */ = {isa = PBXBuildFile; fileRef = 9B4629D915CA506600BBC101 /* CCAction.m */; };
		9B4629DD15CA506600BBC101 /* CCActionCamera.m in Sources */ = {isa = PBXBuildFile; fileRef = 9B4629DC15CA506600BBC101 /* CCActionCamera.m */; };
		9B4629E015CA506600BBC101 /* CCActionCatmullRom.m in Sources */ = {isa = PBXBuildFile; fileRef = 9B4629DF15CA506600BBC101 /* CCActionCatmullRom.m */; };
		9B4629E315CA506600BBC101 /* CCActionEase.m in Sources */ = {isa = PBXBuildFile; fileRef = 9B4629E215CA506600BBC101 /* CCActionEase.m */; };
		9B4629E615CA506600BBC101 /* CCActionGrid.m in Sources */ = {isa = PBXBuildFile; fileRef = 9B4629E515CA506600BBC101 /* CCActionGrid.m */; };
		9B4629E915CA506600BBC101 /* CCActionGrid3D.m in Sources */ = {isa = PBXBuildFile; fileRef = 9B4629E815CA506600BBC101 /* CCActionGrid3D.m */; };
		9B4629EC15CA506600BBC101 /* CCActionInstant.m in Sources */ = {isa = PBXBuildFile; fileRef = 9B4629EB15CA506600BBC101 /* CCActionInstant.m */; };
		9B4629EF15CA506600BBC101 /* CCActionInterval.m in Sources */ = {isa = PBXBuildFile; fileRef = 9B4629EE15CA506600BBC101 /* CCActionInterval.m */; };
		9B4629F215CA506600BBC101 /* CCActionManager.m in Sources */ = {isa = PBXBuildFile; fileRef = 9B4629F115CA506600BBC101 /* CCActionManager.m */; };
		9B4629F515CA506600BBC101 /* CCActionPageTurn3D.m in Sources */ = {isa = PBXBuildFile; fileRef = 9B4629F415CA506600BBC101 /* CCActionPageTurn3D.m */; };
		9B4629F815CA506600BBC101 /* CCActionProgressTimer.m in Sources */ = {isa = PBXBuildFile; fileRef = 9B4629F715CA506600BBC101 /* CCActionProgressTimer.m */; };
		9B4629FB15CA506600BBC101 /* CCActionTiledGrid.m in Sources */ = {isa = PBXBuildFile; fileRef = 9B4629FA15CA506600BBC101 /* CCActionTiledGrid.m */; };
		9B4629FE15CA506600BBC101 /* CCActionTween.m in Sources */ = {isa = PBXBuildFile; fileRef = 9B4629FD15CA506600BBC101 /* CCActionTween.m */; };
		9B462A0115CA506700BBC101 /* CCAnimation.m in Sources */ = {isa = PBXBuildFile; fileRef = 9B462A0015CA506700BBC101 /* CCAnimation.m */; };
		9B462A0415CA506700BBC101 /* CCAnimationCache.m in Sources */ = {isa = PBXBuildFile; fileRef = 9B462A0315CA506700BBC101 /* CCAnimationCache.m */; };
		9B462A0715CA506700BBC101 /* CCAtlasNode.m in Sources */ = {isa = PBXBuildFile; fileRef = 9B462A0615CA506700BBC101 /* CCAtlasNode.m */; };
		9B462A0A15CA506700BBC101 /* CCCamera.m in Sources */ = {isa = PBXBuildFile; fileRef = 9B462A0915CA506700BBC101 /* CCCamera.m */; };
		9B462A0E15CA506700BBC101 /* CCConfiguration.m in Sources */ = {isa = PBXBuildFile; fileRef = 9B462A0D15CA506700BBC101 /* CCConfiguration.m */; };
		9B462A1115CA506700BBC101 /* ccDeprecated.m in Sources */ = {isa = PBXBuildFile; fileRef = 9B462A1015CA506700BBC101 /* ccDeprecated.m */; };
		9B462A1415CA506700BBC101 /* CCDirector.m in Sources */ = {isa = PBXBuildFile; fileRef = 9B462A1315CA506700BBC101 /* CCDirector.m */; };
		9B462A1715CA506700BBC101 /* CCDrawingPrimitives.m in Sources */ = {isa = PBXBuildFile; fileRef = 9B462A1615CA506700BBC101 /* CCDrawingPrimitives.m */; };
		9B462A1A15CA506700BBC101 /* CCGLProgram.m in Sources */ = {isa = PBXBuildFile; fileRef = 9B462A1915CA506700BBC101 /* CCGLProgram.m */; };
		9B462A1D15CA506700BBC101 /* ccGLStateCache.m in Sources */ = {isa = PBXBuildFile; fileRef = 9B462A1C15CA506700BBC101 /* ccGLStateCache.m */; };
		9B462A2015CA506700BBC101 /* CCGrabber.m in Sources */ = {isa = PBXBuildFile; fileRef = 9B462A1F15CA506700BBC101 /* CCGrabber.m */; };
		9B462A2315CA506700BBC101 /* CCGrid.m in Sources */ = {isa = PBXBuildFile; fileRef = 9B462A2215CA506700BBC101 /* CCGrid.m */; };
		9B462A2615CA506700BBC101 /* CCLabelAtlas.m in Sources */ = {isa = PBXBuildFile; fileRef = 9B462A2515CA506700BBC101 /* CCLabelAtlas.m */; };
		9B462A2915CA506700BBC101 /* CCLabelBMFont.m in Sources */ = {isa = PBXBuildFile; fileRef = 9B462A2815CA506700BBC101 /* CCLabelBMFont.m */; };
		9B462A2C15CA506700BBC101 /* CCLabelTTF.m in Sources */ = {isa = PBXBuildFile; fileRef = 9B462A2B15CA506700BBC101 /* CCLabelTTF.m */; };
		9B462A2F15CA506700BBC101 /* CCLayer.m in Sources */ = {isa = PBXBuildFile; fileRef = 9B462A2E15CA506700BBC101 /* CCLayer.m */; };
		9B462A3315CA506700BBC101 /* CCMenu.m in Sources */ = {isa = PBXBuildFile; fileRef = 9B462A3215CA506700BBC101 /* CCMenu.m */; };
		9B462A3615CA506700BBC101 /* CCMenuItem.m in Sources */ = {isa = PBXBuildFile; fileRef = 9B462A3515CA506700BBC101 /* CCMenuItem.m */; };
		9B462A3915CA506700BBC101 /* CCMotionStreak.m in Sources */ = {isa = PBXBuildFile; fileRef = 9B462A3815CA506700BBC101 /* CCMotionStreak.m */; };
		9B462A3C15CA506700BBC101 /* CCNode+Debug.m in Sources */ = {isa = PBXBuildFile; fileRef = 9B462A3B15CA506700BBC101 /* CCNode+Debug.m */; };
		9B462A3F15CA506700BBC101 /* CCNode.m in Sources */ = {isa = PBXBuildFile; fileRef = 9B462A3E15CA506700BBC101 /* CCNode.m */; };
		9B462A4215CA506700BBC101 /* CCParallaxNode.m in Sources */ = {isa = PBXBuildFile; fileRef = 9B462A4115CA506700BBC101 /* CCParallaxNode.m */; };
		9B462A4515CA506700BBC101 /* CCParticleBatchNode.m in Sources */ = {isa = PBXBuildFile; fileRef = 9B462A4415CA506700BBC101 /* CCParticleBatchNode.m */; };
		9B462A4815CA506700BBC101 /* CCParticleExamples.m in Sources */ = {isa = PBXBuildFile; fileRef = 9B462A4715CA506700BBC101 /* CCParticleExamples.m */; };
		9B462A4B15CA506700BBC101 /* CCParticleSystem.m in Sources */ = {isa = PBXBuildFile; fileRef = 9B462A4A15CA506700BBC101 /* CCParticleSystem.m */; };
		9B462A4E15CA506700BBC101 /* CCParticleSystemQuad.m in Sources */ = {isa = PBXBuildFile; fileRef = 9B462A4D15CA506700BBC101 /* CCParticleSystemQuad.m */; };
		9B462A5115CA506700BBC101 /* CCProgressTimer.m in Sources */ = {isa = PBXBuildFile; fileRef = 9B462A5015CA506700BBC101 /* CCProgressTimer.m */; };
		9B462A5515CA506700BBC101 /* CCRenderTexture.m in Sources */ = {isa = PBXBuildFile; fileRef = 9B462A5415CA506700BBC101 /* CCRenderTexture.m */; };
		9B462A5815CA506700BBC101 /* CCScene.m in Sources */ = {isa = PBXBuildFile; fileRef = 9B462A5715CA506700BBC101 /* CCScene.m */; };
		9B462A5B15CA506700BBC101 /* CCScheduler.m in Sources */ = {isa = PBXBuildFile; fileRef = 9B462A5A15CA506700BBC101 /* CCScheduler.m */; };
		9B462A6B15CA506700BBC101 /* CCShaderCache.m in Sources */ = {isa = PBXBuildFile; fileRef = 9B462A6A15CA506700BBC101 /* CCShaderCache.m */; };
		9B462A6E15CA506700BBC101 /* ccShaders.m in Sources */ = {isa = PBXBuildFile; fileRef = 9B462A6D15CA506700BBC101 /* ccShaders.m */; };
		9B462A7115CA506700BBC101 /* CCSprite.m in Sources */ = {isa = PBXBuildFile; fileRef = 9B462A7015CA506700BBC101 /* CCSprite.m */; };
		9B462A7415CA506800BBC101 /* CCSpriteBatchNode.m in Sources */ = {isa = PBXBuildFile; fileRef = 9B462A7315CA506800BBC101 /* CCSpriteBatchNode.m */; };
		9B462A7715CA506800BBC101 /* CCSpriteFrame.m in Sources */ = {isa = PBXBuildFile; fileRef = 9B462A7615CA506800BBC101 /* CCSpriteFrame.m */; };
		9B462A7A15CA506800BBC101 /* CCSpriteFrameCache.m in Sources */ = {isa = PBXBuildFile; fileRef = 9B462A7915CA506800BBC101 /* CCSpriteFrameCache.m */; };
		9B462A7D15CA506800BBC101 /* CCTexture2D.m in Sources */ = {isa = PBXBuildFile; fileRef = 9B462A7C15CA506800BBC101 /* CCTexture2D.m */; };
		9B462A8015CA506800BBC101 /* CCTextureAtlas.m in Sources */ = {isa = PBXBuildFile; fileRef = 9B462A7F15CA506800BBC101 /* CCTextureAtlas.m */; };
		9B462A8315CA506800BBC101 /* CCTextureCache.m in Sources */ = {isa = PBXBuildFile; fileRef = 9B462A8215CA506800BBC101 /* CCTextureCache.m */; };
		9B462A8615CA506800BBC101 /* CCTexturePVR.m in Sources */ = {isa = PBXBuildFile; fileRef = 9B462A8515CA506800BBC101 /* CCTexturePVR.m */; };
		9B462A8915CA506800BBC101 /* CCTileMapAtlas.m in Sources */ = {isa = PBXBuildFile; fileRef = 9B462A8815CA506800BBC101 /* CCTileMapAtlas.m */; };
		9B462A8C15CA506800BBC101 /* CCTMXLayer.m in Sources */ = {isa = PBXBuildFile; fileRef = 9B462A8B15CA506800BBC101 /* CCTMXLayer.m */; };
		9B462A8F15CA506800BBC101 /* CCTMXObjectGroup.m in Sources */ = {isa = PBXBuildFile; fileRef = 9B462A8E15CA506800BBC101 /* CCTMXObjectGroup.m */; };
		9B462A9215CA506800BBC101 /* CCTMXTiledMap.m in Sources */ = {isa = PBXBuildFile; fileRef = 9B462A9115CA506800BBC101 /* CCTMXTiledMap.m */; };
		9B462A9515CA506800BBC101 /* CCTMXXMLParser.m in Sources */ = {isa = PBXBuildFile; fileRef = 9B462A9415CA506800BBC101 /* CCTMXXMLParser.m */; };
		9B462A9815CA506800BBC101 /* CCTransition.m in Sources */ = {isa = PBXBuildFile; fileRef = 9B462A9715CA506800BBC101 /* CCTransition.m */; };
		9B462A9B15CA506800BBC101 /* CCTransitionPageTurn.m in Sources */ = {isa = PBXBuildFile; fileRef = 9B462A9A15CA506800BBC101 /* CCTransitionPageTurn.m */; };
		9B462A9E15CA506800BBC101 /* CCTransitionProgress.m in Sources */ = {isa = PBXBuildFile; fileRef = 9B462A9D15CA506800BBC101 /* CCTransitionProgress.m */; };
		9B462AA215CA506800BBC101 /* cocos2d.m in Sources */ = {isa = PBXBuildFile; fileRef = 9B462AA115CA506800BBC101 /* cocos2d.m */; };
		9B462AA915CA506800BBC101 /* CCDirectorIOS.m in Sources */ = {isa = PBXBuildFile; fileRef = 9B462AA815CA506800BBC101 /* CCDirectorIOS.m */; };
		9B462AAC15CA506800BBC101 /* CCES2Renderer.m in Sources */ = {isa = PBXBuildFile; fileRef = 9B462AAB15CA506800BBC101 /* CCES2Renderer.m */; };
		9B462AB015CA506800BBC101 /* CCGLView.m in Sources */ = {isa = PBXBuildFile; fileRef = 9B462AAF15CA506800BBC101 /* CCGLView.m */; };
		9B462AB415CA506800BBC101 /* CCTouchDispatcher.m in Sources */ = {isa = PBXBuildFile; fileRef = 9B462AB315CA506800BBC101 /* CCTouchDispatcher.m */; };
		9B462AB715CA506800BBC101 /* CCTouchHandler.m in Sources */ = {isa = PBXBuildFile; fileRef = 9B462AB615CA506800BBC101 /* CCTouchHandler.m */; };
		9B462ABB15CA506800BBC101 /* CCDirectorMac.m in Sources */ = {isa = PBXBuildFile; fileRef = 9B462ABA15CA506800BBC101 /* CCDirectorMac.m */; };
		9B462ABE15CA506800BBC101 /* CCEventDispatcher.m in Sources */ = {isa = PBXBuildFile; fileRef = 9B462ABD15CA506800BBC101 /* CCEventDispatcher.m */; };
		9B462AC115CA506800BBC101 /* CCGLView.m in Sources */ = {isa = PBXBuildFile; fileRef = 9B462AC015CA506800BBC101 /* CCGLView.m */; };
		9B462AC415CA506800BBC101 /* CCWindow.m in Sources */ = {isa = PBXBuildFile; fileRef = 9B462AC315CA506800BBC101 /* CCWindow.m */; };
		9B462AC715CA506800BBC101 /* base64.c in Sources */ = {isa = PBXBuildFile; fileRef = 9B462AC615CA506800BBC101 /* base64.c */; };
		9B462ACB15CA506800BBC101 /* CCArray.m in Sources */ = {isa = PBXBuildFile; fileRef = 9B462ACA15CA506800BBC101 /* CCArray.m */; };
		9B462ACE15CA506800BBC101 /* ccCArray.m in Sources */ = {isa = PBXBuildFile; fileRef = 9B462ACD15CA506800BBC101 /* ccCArray.m */; };
		9B462AD115CA506800BBC101 /* CCFileUtils.m in Sources */ = {isa = PBXBuildFile; fileRef = 9B462AD015CA506800BBC101 /* CCFileUtils.m */; };
		9B462AD415CA506800BBC101 /* CCProfiling.m in Sources */ = {isa = PBXBuildFile; fileRef = 9B462AD315CA506800BBC101 /* CCProfiling.m */; };
		9B462AD615CA506800BBC101 /* ccUtils.c in Sources */ = {isa = PBXBuildFile; fileRef = 9B462AD515CA506800BBC101 /* ccUtils.c */; };
		9B462ADA15CA506800BBC101 /* CCVertex.m in Sources */ = {isa = PBXBuildFile; fileRef = 9B462AD915CA506800BBC101 /* CCVertex.m */; };
		9B462ADD15CA506800BBC101 /* CGPointExtension.m in Sources */ = {isa = PBXBuildFile; fileRef = 9B462ADC15CA506800BBC101 /* CGPointExtension.m */; };
		9B462AE015CA506800BBC101 /* NSThread+performBlock.m in Sources */ = {isa = PBXBuildFile; fileRef = 9B462ADF15CA506800BBC101 /* NSThread+performBlock.m */; };
		9B462AE415CA506800BBC101 /* TGAlib.m in Sources */ = {isa = PBXBuildFile; fileRef = 9B462AE315CA506800BBC101 /* TGAlib.m */; };
		9B462AE715CA506800BBC101 /* TransformUtils.m in Sources */ = {isa = PBXBuildFile; fileRef = 9B462AE615CA506800BBC101 /* TransformUtils.m */; };
		9B462AEC15CA506900BBC101 /* ZipUtils.m in Sources */ = {isa = PBXBuildFile; fileRef = 9B462AEB15CA506900BBC101 /* ZipUtils.m */; };
		9B462AF115CA506900BBC101 /* CDAudioManager.m in Sources */ = {isa = PBXBuildFile; fileRef = 9B462AF015CA506900BBC101 /* CDAudioManager.m */; };
		9B462AF515CA506900BBC101 /* CDOpenALSupport.m in Sources */ = {isa = PBXBuildFile; fileRef = 9B462AF415CA506900BBC101 /* CDOpenALSupport.m */; };
		9B462AF815CA506900BBC101 /* CocosDenshion.m in Sources */ = {isa = PBXBuildFile; fileRef = 9B462AF715CA506900BBC101 /* CocosDenshion.m */; };
		9B462AFB15CA506900BBC101 /* SimpleAudioEngine.m in Sources */ = {isa = PBXBuildFile; fileRef = 9B462AFA15CA506900BBC101 /* SimpleAudioEngine.m */; };
		9B462B0015CA506900BBC101 /* CDXMacOSXSupport.m in Sources */ = {isa = PBXBuildFile; fileRef = 9B462AFF15CA506900BBC101 /* CDXMacOSXSupport.m */; };
		9B462B0315CA506900BBC101 /* CDXPropertyModifierAction.m in Sources */ = {isa = PBXBuildFile; fileRef = 9B462B0215CA506900BBC101 /* CDXPropertyModifierAction.m */; };
		9B462B1815CA506900BBC101 /* aabb.c in Sources */ = {isa = PBXBuildFile; fileRef = 9B462B1715CA506900BBC101 /* aabb.c */; };
		9B462B1A15CA506900BBC101 /* ChangeLog in Resources */ = {isa = PBXBuildFile; fileRef = 9B462B1915CA506900BBC101 /* ChangeLog */; };
		9B462B1E15CA506900BBC101 /* mat4stack.c in Sources */ = {isa = PBXBuildFile; fileRef = 9B462B1D15CA506900BBC101 /* mat4stack.c */; };
		9B462B2015CA506900BBC101 /* matrix.c in Sources */ = {isa = PBXBuildFile; fileRef = 9B462B1F15CA506900BBC101 /* matrix.c */; };
		9B462B2215CA506900BBC101 /* mat3.c in Sources */ = {isa = PBXBuildFile; fileRef = 9B462B2115CA506900BBC101 /* mat3.c */; };
		9B462B2415CA506900BBC101 /* mat4.c in Sources */ = {isa = PBXBuildFile; fileRef = 9B462B2315CA506900BBC101 /* mat4.c */; };
		9B462B2615CA506900BBC101 /* neon_matrix_impl.c in Sources */ = {isa = PBXBuildFile; fileRef = 9B462B2515CA506900BBC101 /* neon_matrix_impl.c */; };
		9B462B2815CA506900BBC101 /* plane.c in Sources */ = {isa = PBXBuildFile; fileRef = 9B462B2715CA506900BBC101 /* plane.c */; };
		9B462B2A15CA506900BBC101 /* quaternion.c in Sources */ = {isa = PBXBuildFile; fileRef = 9B462B2915CA506900BBC101 /* quaternion.c */; };
		9B462B2C15CA506900BBC101 /* ray2.c in Sources */ = {isa = PBXBuildFile; fileRef = 9B462B2B15CA506900BBC101 /* ray2.c */; };
		9B462B2E15CA506900BBC101 /* utility.c in Sources */ = {isa = PBXBuildFile; fileRef = 9B462B2D15CA506900BBC101 /* utility.c */; };
		9B462B3015CA506900BBC101 /* vec2.c in Sources */ = {isa = PBXBuildFile; fileRef = 9B462B2F15CA506900BBC101 /* vec2.c */; };
		9B462B3215CA506900BBC101 /* vec3.c in Sources */ = {isa = PBXBuildFile; fileRef = 9B462B3115CA506900BBC101 /* vec3.c */; };
		9B462B3415CA506900BBC101 /* vec4.c in Sources */ = {isa = PBXBuildFile; fileRef = 9B462B3315CA506900BBC101 /* vec4.c */; };
		9B462B3915CA506900BBC101 /* main.m in Sources */ = {isa = PBXBuildFile; fileRef = 9B462B3815CA506900BBC101 /* main.m */; };
		9B462B3C15CA506900BBC101 /* AppDelegate.m in Sources */ = {isa = PBXBuildFile; fileRef = 9B462B3B15CA506900BBC101 /* AppDelegate.m */; };
		9B462B3F15CA506900BBC101 /* HelloWorldLayer.m in Sources */ = {isa = PBXBuildFile; fileRef = 9B462B3E15CA506900BBC101 /* HelloWorldLayer.m */; };
/* End PBXBuildFile section */

/* Begin PBXFileReference section */
		9B4629B815CA506600BBC101 /* HelloCocos2d-3.app */ = {isa = PBXFileReference; explicitFileType = wrapper.application; includeInIndex = 0; path = "HelloCocos2d-3.app"; sourceTree = BUILT_PRODUCTS_DIR; };
		9B4629BC15CA506600BBC101 /* QuartzCore.framework */ = {isa = PBXFileReference; lastKnownFileType = wrapper.framework; name = QuartzCore.framework; path = System/Library/Frameworks/QuartzCore.framework; sourceTree = SDKROOT; };
		9B4629BE15CA506600BBC101 /* OpenGL.framework */ = {isa = PBXFileReference; lastKnownFileType = wrapper.framework; name = OpenGL.framework; path = System/Library/Frameworks/OpenGL.framework; sourceTree = SDKROOT; };
		9B4629C015CA506600BBC101 /* OpenAL.framework */ = {isa = PBXFileReference; lastKnownFileType = wrapper.framework; name = OpenAL.framework; path = System/Library/Frameworks/OpenAL.framework; sourceTree = SDKROOT; };
		9B4629C215CA506600BBC101 /* AudioToolbox.framework */ = {isa = PBXFileReference; lastKnownFileType = wrapper.framework; name = AudioToolbox.framework; path = System/Library/Frameworks/AudioToolbox.framework; sourceTree = SDKROOT; };
		9B4629C415CA506600BBC101 /* AppKit.framework */ = {isa = PBXFileReference; lastKnownFileType = wrapper.framework; name = AppKit.framework; path = System/Library/Frameworks/AppKit.framework; sourceTree = SDKROOT; };
		9B4629C615CA506600BBC101 /* Foundation.framework */ = {isa = PBXFileReference; lastKnownFileType = wrapper.framework; name = Foundation.framework; path = System/Library/Frameworks/Foundation.framework; sourceTree = SDKROOT; };
		9B4629CC15CA506600BBC101 /* English */ = {isa = PBXFileReference; lastKnownFileType = text.plist.strings; name = English; path = Resources/English.lproj/InfoPlist.strings; sourceTree = "<group>"; };
		9B4629CF15CA506600BBC101 /* English */ = {isa = PBXFileReference; lastKnownFileType = file.xib; name = English; path = Resources/English.lproj/MainMenu.xib; sourceTree = "<group>"; };
		9B4629D115CA506600BBC101 /* fps_images.png */ = {isa = PBXFileReference; lastKnownFileType = image.png; name = fps_images.png; path = Resources/fps_images.png; sourceTree = "<group>"; };
		9B4629D315CA506600BBC101 /* icon.icns */ = {isa = PBXFileReference; lastKnownFileType = image.icns; name = icon.icns; path = Resources/icon.icns; sourceTree = "<group>"; };
		9B4629D515CA506600BBC101 /* Info.plist */ = {isa = PBXFileReference; lastKnownFileType = text.plist.xml; name = Info.plist; path = Resources/Info.plist; sourceTree = "<group>"; };
		9B4629D815CA506600BBC101 /* CCAction.h */ = {isa = PBXFileReference; lastKnownFileType = sourcecode.c.h; name = CCAction.h; path = libs/cocos2d/CCAction.h; sourceTree = "<group>"; };
		9B4629D915CA506600BBC101 /* CCAction.m */ = {isa = PBXFileReference; lastKnownFileType = sourcecode.c.objc; name = CCAction.m; path = libs/cocos2d/CCAction.m; sourceTree = "<group>"; };
		9B4629DB15CA506600BBC101 /* CCActionCamera.h */ = {isa = PBXFileReference; lastKnownFileType = sourcecode.c.h; name = CCActionCamera.h; path = libs/cocos2d/CCActionCamera.h; sourceTree = "<group>"; };
		9B4629DC15CA506600BBC101 /* CCActionCamera.m */ = {isa = PBXFileReference; lastKnownFileType = sourcecode.c.objc; name = CCActionCamera.m; path = libs/cocos2d/CCActionCamera.m; sourceTree = "<group>"; };
		9B4629DE15CA506600BBC101 /* CCActionCatmullRom.h */ = {isa = PBXFileReference; lastKnownFileType = sourcecode.c.h; name = CCActionCatmullRom.h; path = libs/cocos2d/CCActionCatmullRom.h; sourceTree = "<group>"; };
		9B4629DF15CA506600BBC101 /* CCActionCatmullRom.m */ = {isa = PBXFileReference; lastKnownFileType = sourcecode.c.objc; name = CCActionCatmullRom.m; path = libs/cocos2d/CCActionCatmullRom.m; sourceTree = "<group>"; };
		9B4629E115CA506600BBC101 /* CCActionEase.h */ = {isa = PBXFileReference; lastKnownFileType = sourcecode.c.h; name = CCActionEase.h; path = libs/cocos2d/CCActionEase.h; sourceTree = "<group>"; };
		9B4629E215CA506600BBC101 /* CCActionEase.m */ = {isa = PBXFileReference; lastKnownFileType = sourcecode.c.objc; name = CCActionEase.m; path = libs/cocos2d/CCActionEase.m; sourceTree = "<group>"; };
		9B4629E415CA506600BBC101 /* CCActionGrid.h */ = {isa = PBXFileReference; lastKnownFileType = sourcecode.c.h; name = CCActionGrid.h; path = libs/cocos2d/CCActionGrid.h; sourceTree = "<group>"; };
		9B4629E515CA506600BBC101 /* CCActionGrid.m */ = {isa = PBXFileReference; lastKnownFileType = sourcecode.c.objc; name = CCActionGrid.m; path = libs/cocos2d/CCActionGrid.m; sourceTree = "<group>"; };
		9B4629E715CA506600BBC101 /* CCActionGrid3D.h */ = {isa = PBXFileReference; lastKnownFileType = sourcecode.c.h; name = CCActionGrid3D.h; path = libs/cocos2d/CCActionGrid3D.h; sourceTree = "<group>"; };
		9B4629E815CA506600BBC101 /* CCActionGrid3D.m */ = {isa = PBXFileReference; lastKnownFileType = sourcecode.c.objc; name = CCActionGrid3D.m; path = libs/cocos2d/CCActionGrid3D.m; sourceTree = "<group>"; };
		9B4629EA15CA506600BBC101 /* CCActionInstant.h */ = {isa = PBXFileReference; lastKnownFileType = sourcecode.c.h; name = CCActionInstant.h; path = libs/cocos2d/CCActionInstant.h; sourceTree = "<group>"; };
		9B4629EB15CA506600BBC101 /* CCActionInstant.m */ = {isa = PBXFileReference; lastKnownFileType = sourcecode.c.objc; name = CCActionInstant.m; path = libs/cocos2d/CCActionInstant.m; sourceTree = "<group>"; };
		9B4629ED15CA506600BBC101 /* CCActionInterval.h */ = {isa = PBXFileReference; lastKnownFileType = sourcecode.c.h; name = CCActionInterval.h; path = libs/cocos2d/CCActionInterval.h; sourceTree = "<group>"; };
		9B4629EE15CA506600BBC101 /* CCActionInterval.m */ = {isa = PBXFileReference; lastKnownFileType = sourcecode.c.objc; name = CCActionInterval.m; path = libs/cocos2d/CCActionInterval.m; sourceTree = "<group>"; };
		9B4629F015CA506600BBC101 /* CCActionManager.h */ = {isa = PBXFileReference; lastKnownFileType = sourcecode.c.h; name = CCActionManager.h; path = libs/cocos2d/CCActionManager.h; sourceTree = "<group>"; };
		9B4629F115CA506600BBC101 /* CCActionManager.m */ = {isa = PBXFileReference; lastKnownFileType = sourcecode.c.objc; name = CCActionManager.m; path = libs/cocos2d/CCActionManager.m; sourceTree = "<group>"; };
		9B4629F315CA506600BBC101 /* CCActionPageTurn3D.h */ = {isa = PBXFileReference; lastKnownFileType = sourcecode.c.h; name = CCActionPageTurn3D.h; path = libs/cocos2d/CCActionPageTurn3D.h; sourceTree = "<group>"; };
		9B4629F415CA506600BBC101 /* CCActionPageTurn3D.m */ = {isa = PBXFileReference; lastKnownFileType = sourcecode.c.objc; name = CCActionPageTurn3D.m; path = libs/cocos2d/CCActionPageTurn3D.m; sourceTree = "<group>"; };
		9B4629F615CA506600BBC101 /* CCActionProgressTimer.h */ = {isa = PBXFileReference; lastKnownFileType = sourcecode.c.h; name = CCActionProgressTimer.h; path = libs/cocos2d/CCActionProgressTimer.h; sourceTree = "<group>"; };
		9B4629F715CA506600BBC101 /* CCActionProgressTimer.m */ = {isa = PBXFileReference; lastKnownFileType = sourcecode.c.objc; name = CCActionProgressTimer.m; path = libs/cocos2d/CCActionProgressTimer.m; sourceTree = "<group>"; };
		9B4629F915CA506600BBC101 /* CCActionTiledGrid.h */ = {isa = PBXFileReference; lastKnownFileType = sourcecode.c.h; name = CCActionTiledGrid.h; path = libs/cocos2d/CCActionTiledGrid.h; sourceTree = "<group>"; };
		9B4629FA15CA506600BBC101 /* CCActionTiledGrid.m */ = {isa = PBXFileReference; lastKnownFileType = sourcecode.c.objc; name = CCActionTiledGrid.m; path = libs/cocos2d/CCActionTiledGrid.m; sourceTree = "<group>"; };
		9B4629FC15CA506600BBC101 /* CCActionTween.h */ = {isa = PBXFileReference; lastKnownFileType = sourcecode.c.h; name = CCActionTween.h; path = libs/cocos2d/CCActionTween.h; sourceTree = "<group>"; };
		9B4629FD15CA506600BBC101 /* CCActionTween.m */ = {isa = PBXFileReference; lastKnownFileType = sourcecode.c.objc; name = CCActionTween.m; path = libs/cocos2d/CCActionTween.m; sourceTree = "<group>"; };
		9B4629FF15CA506700BBC101 /* CCAnimation.h */ = {isa = PBXFileReference; lastKnownFileType = sourcecode.c.h; name = CCAnimation.h; path = libs/cocos2d/CCAnimation.h; sourceTree = "<group>"; };
		9B462A0015CA506700BBC101 /* CCAnimation.m */ = {isa = PBXFileReference; lastKnownFileType = sourcecode.c.objc; name = CCAnimation.m; path = libs/cocos2d/CCAnimation.m; sourceTree = "<group>"; };
		9B462A0215CA506700BBC101 /* CCAnimationCache.h */ = {isa = PBXFileReference; lastKnownFileType = sourcecode.c.h; name = CCAnimationCache.h; path = libs/cocos2d/CCAnimationCache.h; sourceTree = "<group>"; };
		9B462A0315CA506700BBC101 /* CCAnimationCache.m */ = {isa = PBXFileReference; lastKnownFileType = sourcecode.c.objc; name = CCAnimationCache.m; path = libs/cocos2d/CCAnimationCache.m; sourceTree = "<group>"; };
		9B462A0515CA506700BBC101 /* CCAtlasNode.h */ = {isa = PBXFileReference; lastKnownFileType = sourcecode.c.h; name = CCAtlasNode.h; path = libs/cocos2d/CCAtlasNode.h; sourceTree = "<group>"; };
		9B462A0615CA506700BBC101 /* CCAtlasNode.m */ = {isa = PBXFileReference; lastKnownFileType = sourcecode.c.objc; name = CCAtlasNode.m; path = libs/cocos2d/CCAtlasNode.m; sourceTree = "<group>"; };
		9B462A0815CA506700BBC101 /* CCCamera.h */ = {isa = PBXFileReference; lastKnownFileType = sourcecode.c.h; name = CCCamera.h; path = libs/cocos2d/CCCamera.h; sourceTree = "<group>"; };
		9B462A0915CA506700BBC101 /* CCCamera.m */ = {isa = PBXFileReference; lastKnownFileType = sourcecode.c.objc; name = CCCamera.m; path = libs/cocos2d/CCCamera.m; sourceTree = "<group>"; };
		9B462A0B15CA506700BBC101 /* ccConfig.h */ = {isa = PBXFileReference; lastKnownFileType = sourcecode.c.h; name = ccConfig.h; path = libs/cocos2d/ccConfig.h; sourceTree = "<group>"; };
		9B462A0C15CA506700BBC101 /* CCConfiguration.h */ = {isa = PBXFileReference; lastKnownFileType = sourcecode.c.h; name = CCConfiguration.h; path = libs/cocos2d/CCConfiguration.h; sourceTree = "<group>"; };
		9B462A0D15CA506700BBC101 /* CCConfiguration.m */ = {isa = PBXFileReference; lastKnownFileType = sourcecode.c.objc; name = CCConfiguration.m; path = libs/cocos2d/CCConfiguration.m; sourceTree = "<group>"; };
		9B462A0F15CA506700BBC101 /* ccDeprecated.h */ = {isa = PBXFileReference; lastKnownFileType = sourcecode.c.h; name = ccDeprecated.h; path = libs/cocos2d/ccDeprecated.h; sourceTree = "<group>"; };
		9B462A1015CA506700BBC101 /* ccDeprecated.m */ = {isa = PBXFileReference; lastKnownFileType = sourcecode.c.objc; name = ccDeprecated.m; path = libs/cocos2d/ccDeprecated.m; sourceTree = "<group>"; };
		9B462A1215CA506700BBC101 /* CCDirector.h */ = {isa = PBXFileReference; lastKnownFileType = sourcecode.c.h; name = CCDirector.h; path = libs/cocos2d/CCDirector.h; sourceTree = "<group>"; };
		9B462A1315CA506700BBC101 /* CCDirector.m */ = {isa = PBXFileReference; lastKnownFileType = sourcecode.c.objc; name = CCDirector.m; path = libs/cocos2d/CCDirector.m; sourceTree = "<group>"; };
		9B462A1515CA506700BBC101 /* CCDrawingPrimitives.h */ = {isa = PBXFileReference; lastKnownFileType = sourcecode.c.h; name = CCDrawingPrimitives.h; path = libs/cocos2d/CCDrawingPrimitives.h; sourceTree = "<group>"; };
		9B462A1615CA506700BBC101 /* CCDrawingPrimitives.m */ = {isa = PBXFileReference; lastKnownFileType = sourcecode.c.objc; name = CCDrawingPrimitives.m; path = libs/cocos2d/CCDrawingPrimitives.m; sourceTree = "<group>"; };
		9B462A1815CA506700BBC101 /* CCGLProgram.h */ = {isa = PBXFileReference; lastKnownFileType = sourcecode.c.h; name = CCGLProgram.h; path = libs/cocos2d/CCGLProgram.h; sourceTree = "<group>"; };
		9B462A1915CA506700BBC101 /* CCGLProgram.m */ = {isa = PBXFileReference; lastKnownFileType = sourcecode.c.objc; name = CCGLProgram.m; path = libs/cocos2d/CCGLProgram.m; sourceTree = "<group>"; };
		9B462A1B15CA506700BBC101 /* ccGLStateCache.h */ = {isa = PBXFileReference; lastKnownFileType = sourcecode.c.h; name = ccGLStateCache.h; path = libs/cocos2d/ccGLStateCache.h; sourceTree = "<group>"; };
		9B462A1C15CA506700BBC101 /* ccGLStateCache.m */ = {isa = PBXFileReference; lastKnownFileType = sourcecode.c.objc; name = ccGLStateCache.m; path = libs/cocos2d/ccGLStateCache.m; sourceTree = "<group>"; };
		9B462A1E15CA506700BBC101 /* CCGrabber.h */ = {isa = PBXFileReference; lastKnownFileType = sourcecode.c.h; name = CCGrabber.h; path = libs/cocos2d/CCGrabber.h; sourceTree = "<group>"; };
		9B462A1F15CA506700BBC101 /* CCGrabber.m */ = {isa = PBXFileReference; lastKnownFileType = sourcecode.c.objc; name = CCGrabber.m; path = libs/cocos2d/CCGrabber.m; sourceTree = "<group>"; };
		9B462A2115CA506700BBC101 /* CCGrid.h */ = {isa = PBXFileReference; lastKnownFileType = sourcecode.c.h; name = CCGrid.h; path = libs/cocos2d/CCGrid.h; sourceTree = "<group>"; };
		9B462A2215CA506700BBC101 /* CCGrid.m */ = {isa = PBXFileReference; lastKnownFileType = sourcecode.c.objc; name = CCGrid.m; path = libs/cocos2d/CCGrid.m; sourceTree = "<group>"; };
		9B462A2415CA506700BBC101 /* CCLabelAtlas.h */ = {isa = PBXFileReference; lastKnownFileType = sourcecode.c.h; name = CCLabelAtlas.h; path = libs/cocos2d/CCLabelAtlas.h; sourceTree = "<group>"; };
		9B462A2515CA506700BBC101 /* CCLabelAtlas.m */ = {isa = PBXFileReference; lastKnownFileType = sourcecode.c.objc; name = CCLabelAtlas.m; path = libs/cocos2d/CCLabelAtlas.m; sourceTree = "<group>"; };
		9B462A2715CA506700BBC101 /* CCLabelBMFont.h */ = {isa = PBXFileReference; lastKnownFileType = sourcecode.c.h; name = CCLabelBMFont.h; path = libs/cocos2d/CCLabelBMFont.h; sourceTree = "<group>"; };
		9B462A2815CA506700BBC101 /* CCLabelBMFont.m */ = {isa = PBXFileReference; lastKnownFileType = sourcecode.c.objc; name = CCLabelBMFont.m; path = libs/cocos2d/CCLabelBMFont.m; sourceTree = "<group>"; };
		9B462A2A15CA506700BBC101 /* CCLabelTTF.h */ = {isa = PBXFileReference; lastKnownFileType = sourcecode.c.h; name = CCLabelTTF.h; path = libs/cocos2d/CCLabelTTF.h; sourceTree = "<group>"; };
		9B462A2B15CA506700BBC101 /* CCLabelTTF.m */ = {isa = PBXFileReference; lastKnownFileType = sourcecode.c.objc; name = CCLabelTTF.m; path = libs/cocos2d/CCLabelTTF.m; sourceTree = "<group>"; };
		9B462A2D15CA506700BBC101 /* CCLayer.h */ = {isa = PBXFileReference; lastKnownFileType = sourcecode.c.h; name = CCLayer.h; path = libs/cocos2d/CCLayer.h; sourceTree = "<group>"; };
		9B462A2E15CA506700BBC101 /* CCLayer.m */ = {isa = PBXFileReference; lastKnownFileType = sourcecode.c.objc; name = CCLayer.m; path = libs/cocos2d/CCLayer.m; sourceTree = "<group>"; };
		9B462A3015CA506700BBC101 /* ccMacros.h */ = {isa = PBXFileReference; lastKnownFileType = sourcecode.c.h; name = ccMacros.h; path = libs/cocos2d/ccMacros.h; sourceTree = "<group>"; };
		9B462A3115CA506700BBC101 /* CCMenu.h */ = {isa = PBXFileReference; lastKnownFileType = sourcecode.c.h; name = CCMenu.h; path = libs/cocos2d/CCMenu.h; sourceTree = "<group>"; };
		9B462A3215CA506700BBC101 /* CCMenu.m */ = {isa = PBXFileReference; lastKnownFileType = sourcecode.c.objc; name = CCMenu.m; path = libs/cocos2d/CCMenu.m; sourceTree = "<group>"; };
		9B462A3415CA506700BBC101 /* CCMenuItem.h */ = {isa = PBXFileReference; lastKnownFileType = sourcecode.c.h; name = CCMenuItem.h; path = libs/cocos2d/CCMenuItem.h; sourceTree = "<group>"; };
		9B462A3515CA506700BBC101 /* CCMenuItem.m */ = {isa = PBXFileReference; lastKnownFileType = sourcecode.c.objc; name = CCMenuItem.m; path = libs/cocos2d/CCMenuItem.m; sourceTree = "<group>"; };
		9B462A3715CA506700BBC101 /* CCMotionStreak.h */ = {isa = PBXFileReference; lastKnownFileType = sourcecode.c.h; name = CCMotionStreak.h; path = libs/cocos2d/CCMotionStreak.h; sourceTree = "<group>"; };
		9B462A3815CA506700BBC101 /* CCMotionStreak.m */ = {isa = PBXFileReference; lastKnownFileType = sourcecode.c.objc; name = CCMotionStreak.m; path = libs/cocos2d/CCMotionStreak.m; sourceTree = "<group>"; };
		9B462A3A15CA506700BBC101 /* CCNode+Debug.h */ = {isa = PBXFileReference; lastKnownFileType = sourcecode.c.h; name = "CCNode+Debug.h"; path = "libs/cocos2d/CCNode+Debug.h"; sourceTree = "<group>"; };
		9B462A3B15CA506700BBC101 /* CCNode+Debug.m */ = {isa = PBXFileReference; lastKnownFileType = sourcecode.c.objc; name = "CCNode+Debug.m"; path = "libs/cocos2d/CCNode+Debug.m"; sourceTree = "<group>"; };
		9B462A3D15CA506700BBC101 /* CCNode.h */ = {isa = PBXFileReference; lastKnownFileType = sourcecode.c.h; name = CCNode.h; path = libs/cocos2d/CCNode.h; sourceTree = "<group>"; };
		9B462A3E15CA506700BBC101 /* CCNode.m */ = {isa = PBXFileReference; lastKnownFileType = sourcecode.c.objc; name = CCNode.m; path = libs/cocos2d/CCNode.m; sourceTree = "<group>"; };
		9B462A4015CA506700BBC101 /* CCParallaxNode.h */ = {isa = PBXFileReference; lastKnownFileType = sourcecode.c.h; name = CCParallaxNode.h; path = libs/cocos2d/CCParallaxNode.h; sourceTree = "<group>"; };
		9B462A4115CA506700BBC101 /* CCParallaxNode.m */ = {isa = PBXFileReference; lastKnownFileType = sourcecode.c.objc; name = CCParallaxNode.m; path = libs/cocos2d/CCParallaxNode.m; sourceTree = "<group>"; };
		9B462A4315CA506700BBC101 /* CCParticleBatchNode.h */ = {isa = PBXFileReference; lastKnownFileType = sourcecode.c.h; name = CCParticleBatchNode.h; path = libs/cocos2d/CCParticleBatchNode.h; sourceTree = "<group>"; };
		9B462A4415CA506700BBC101 /* CCParticleBatchNode.m */ = {isa = PBXFileReference; lastKnownFileType = sourcecode.c.objc; name = CCParticleBatchNode.m; path = libs/cocos2d/CCParticleBatchNode.m; sourceTree = "<group>"; };
		9B462A4615CA506700BBC101 /* CCParticleExamples.h */ = {isa = PBXFileReference; lastKnownFileType = sourcecode.c.h; name = CCParticleExamples.h; path = libs/cocos2d/CCParticleExamples.h; sourceTree = "<group>"; };
		9B462A4715CA506700BBC101 /* CCParticleExamples.m */ = {isa = PBXFileReference; lastKnownFileType = sourcecode.c.objc; name = CCParticleExamples.m; path = libs/cocos2d/CCParticleExamples.m; sourceTree = "<group>"; };
		9B462A4915CA506700BBC101 /* CCParticleSystem.h */ = {isa = PBXFileReference; lastKnownFileType = sourcecode.c.h; name = CCParticleSystem.h; path = libs/cocos2d/CCParticleSystem.h; sourceTree = "<group>"; };
		9B462A4A15CA506700BBC101 /* CCParticleSystem.m */ = {isa = PBXFileReference; lastKnownFileType = sourcecode.c.objc; name = CCParticleSystem.m; path = libs/cocos2d/CCParticleSystem.m; sourceTree = "<group>"; };
		9B462A4C15CA506700BBC101 /* CCParticleSystemQuad.h */ = {isa = PBXFileReference; lastKnownFileType = sourcecode.c.h; name = CCParticleSystemQuad.h; path = libs/cocos2d/CCParticleSystemQuad.h; sourceTree = "<group>"; };
		9B462A4D15CA506700BBC101 /* CCParticleSystemQuad.m */ = {isa = PBXFileReference; lastKnownFileType = sourcecode.c.objc; name = CCParticleSystemQuad.m; path = libs/cocos2d/CCParticleSystemQuad.m; sourceTree = "<group>"; };
		9B462A4F15CA506700BBC101 /* CCProgressTimer.h */ = {isa = PBXFileReference; lastKnownFileType = sourcecode.c.h; name = CCProgressTimer.h; path = libs/cocos2d/CCProgressTimer.h; sourceTree = "<group>"; };
		9B462A5015CA506700BBC101 /* CCProgressTimer.m */ = {isa = PBXFileReference; lastKnownFileType = sourcecode.c.objc; name = CCProgressTimer.m; path = libs/cocos2d/CCProgressTimer.m; sourceTree = "<group>"; };
		9B462A5215CA506700BBC101 /* CCProtocols.h */ = {isa = PBXFileReference; lastKnownFileType = sourcecode.c.h; name = CCProtocols.h; path = libs/cocos2d/CCProtocols.h; sourceTree = "<group>"; };
		9B462A5315CA506700BBC101 /* CCRenderTexture.h */ = {isa = PBXFileReference; lastKnownFileType = sourcecode.c.h; name = CCRenderTexture.h; path = libs/cocos2d/CCRenderTexture.h; sourceTree = "<group>"; };
		9B462A5415CA506700BBC101 /* CCRenderTexture.m */ = {isa = PBXFileReference; lastKnownFileType = sourcecode.c.objc; name = CCRenderTexture.m; path = libs/cocos2d/CCRenderTexture.m; sourceTree = "<group>"; };
		9B462A5615CA506700BBC101 /* CCScene.h */ = {isa = PBXFileReference; lastKnownFileType = sourcecode.c.h; name = CCScene.h; path = libs/cocos2d/CCScene.h; sourceTree = "<group>"; };
		9B462A5715CA506700BBC101 /* CCScene.m */ = {isa = PBXFileReference; lastKnownFileType = sourcecode.c.objc; name = CCScene.m; path = libs/cocos2d/CCScene.m; sourceTree = "<group>"; };
		9B462A5915CA506700BBC101 /* CCScheduler.h */ = {isa = PBXFileReference; lastKnownFileType = sourcecode.c.h; name = CCScheduler.h; path = libs/cocos2d/CCScheduler.h; sourceTree = "<group>"; };
		9B462A5A15CA506700BBC101 /* CCScheduler.m */ = {isa = PBXFileReference; lastKnownFileType = sourcecode.c.objc; name = CCScheduler.m; path = libs/cocos2d/CCScheduler.m; sourceTree = "<group>"; };
		9B462A5C15CA506700BBC101 /* ccShader_Position_uColor_frag.h */ = {isa = PBXFileReference; lastKnownFileType = sourcecode.c.h; name = ccShader_Position_uColor_frag.h; path = libs/cocos2d/ccShader_Position_uColor_frag.h; sourceTree = "<group>"; };
		9B462A5D15CA506700BBC101 /* ccShader_Position_uColor_vert.h */ = {isa = PBXFileReference; lastKnownFileType = sourcecode.c.h; name = ccShader_Position_uColor_vert.h; path = libs/cocos2d/ccShader_Position_uColor_vert.h; sourceTree = "<group>"; };
		9B462A5E15CA506700BBC101 /* ccShader_PositionColor_frag.h */ = {isa = PBXFileReference; lastKnownFileType = sourcecode.c.h; name = ccShader_PositionColor_frag.h; path = libs/cocos2d/ccShader_PositionColor_frag.h; sourceTree = "<group>"; };
		9B462A5F15CA506700BBC101 /* ccShader_PositionColor_vert.h */ = {isa = PBXFileReference; lastKnownFileType = sourcecode.c.h; name = ccShader_PositionColor_vert.h; path = libs/cocos2d/ccShader_PositionColor_vert.h; sourceTree = "<group>"; };
		9B462A6015CA506700BBC101 /* ccShader_PositionTexture_frag.h */ = {isa = PBXFileReference; lastKnownFileType = sourcecode.c.h; name = ccShader_PositionTexture_frag.h; path = libs/cocos2d/ccShader_PositionTexture_frag.h; sourceTree = "<group>"; };
		9B462A6115CA506700BBC101 /* ccShader_PositionTexture_uColor_frag.h */ = {isa = PBXFileReference; lastKnownFileType = sourcecode.c.h; name = ccShader_PositionTexture_uColor_frag.h; path = libs/cocos2d/ccShader_PositionTexture_uColor_frag.h; sourceTree = "<group>"; };
		9B462A6215CA506700BBC101 /* ccShader_PositionTexture_uColor_vert.h */ = {isa = PBXFileReference; lastKnownFileType = sourcecode.c.h; name = ccShader_PositionTexture_uColor_vert.h; path = libs/cocos2d/ccShader_PositionTexture_uColor_vert.h; sourceTree = "<group>"; };
		9B462A6315CA506700BBC101 /* ccShader_PositionTexture_vert.h */ = {isa = PBXFileReference; lastKnownFileType = sourcecode.c.h; name = ccShader_PositionTexture_vert.h; path = libs/cocos2d/ccShader_PositionTexture_vert.h; sourceTree = "<group>"; };
		9B462A6415CA506700BBC101 /* ccShader_PositionTextureA8Color_frag.h */ = {isa = PBXFileReference; lastKnownFileType = sourcecode.c.h; name = ccShader_PositionTextureA8Color_frag.h; path = libs/cocos2d/ccShader_PositionTextureA8Color_frag.h; sourceTree = "<group>"; };
		9B462A6515CA506700BBC101 /* ccShader_PositionTextureA8Color_vert.h */ = {isa = PBXFileReference; lastKnownFileType = sourcecode.c.h; name = ccShader_PositionTextureA8Color_vert.h; path = libs/cocos2d/ccShader_PositionTextureA8Color_vert.h; sourceTree = "<group>"; };
		9B462A6615CA506700BBC101 /* ccShader_PositionTextureColor_frag.h */ = {isa = PBXFileReference; lastKnownFileType = sourcecode.c.h; name = ccShader_PositionTextureColor_frag.h; path = libs/cocos2d/ccShader_PositionTextureColor_frag.h; sourceTree = "<group>"; };
		9B462A6715CA506700BBC101 /* ccShader_PositionTextureColor_vert.h */ = {isa = PBXFileReference; lastKnownFileType = sourcecode.c.h; name = ccShader_PositionTextureColor_vert.h; path = libs/cocos2d/ccShader_PositionTextureColor_vert.h; sourceTree = "<group>"; };
		9B462A6815CA506700BBC101 /* ccShader_PositionTextureColorAlphaTest_frag.h */ = {isa = PBXFileReference; lastKnownFileType = sourcecode.c.h; name = ccShader_PositionTextureColorAlphaTest_frag.h; path = libs/cocos2d/ccShader_PositionTextureColorAlphaTest_frag.h; sourceTree = "<group>"; };
		9B462A6915CA506700BBC101 /* CCShaderCache.h */ = {isa = PBXFileReference; lastKnownFileType = sourcecode.c.h; name = CCShaderCache.h; path = libs/cocos2d/CCShaderCache.h; sourceTree = "<group>"; };
		9B462A6A15CA506700BBC101 /* CCShaderCache.m */ = {isa = PBXFileReference; lastKnownFileType = sourcecode.c.objc; name = CCShaderCache.m; path = libs/cocos2d/CCShaderCache.m; sourceTree = "<group>"; };
		9B462A6C15CA506700BBC101 /* ccShaders.h */ = {isa = PBXFileReference; lastKnownFileType = sourcecode.c.h; name = ccShaders.h; path = libs/cocos2d/ccShaders.h; sourceTree = "<group>"; };
		9B462A6D15CA506700BBC101 /* ccShaders.m */ = {isa = PBXFileReference; lastKnownFileType = sourcecode.c.objc; name = ccShaders.m; path = libs/cocos2d/ccShaders.m; sourceTree = "<group>"; };
		9B462A6F15CA506700BBC101 /* CCSprite.h */ = {isa = PBXFileReference; lastKnownFileType = sourcecode.c.h; name = CCSprite.h; path = libs/cocos2d/CCSprite.h; sourceTree = "<group>"; };
		9B462A7015CA506700BBC101 /* CCSprite.m */ = {isa = PBXFileReference; lastKnownFileType = sourcecode.c.objc; name = CCSprite.m; path = libs/cocos2d/CCSprite.m; sourceTree = "<group>"; };
		9B462A7215CA506700BBC101 /* CCSpriteBatchNode.h */ = {isa = PBXFileReference; lastKnownFileType = sourcecode.c.h; name = CCSpriteBatchNode.h; path = libs/cocos2d/CCSpriteBatchNode.h; sourceTree = "<group>"; };
		9B462A7315CA506800BBC101 /* CCSpriteBatchNode.m */ = {isa = PBXFileReference; lastKnownFileType = sourcecode.c.objc; name = CCSpriteBatchNode.m; path = libs/cocos2d/CCSpriteBatchNode.m; sourceTree = "<group>"; };
		9B462A7515CA506800BBC101 /* CCSpriteFrame.h */ = {isa = PBXFileReference; lastKnownFileType = sourcecode.c.h; name = CCSpriteFrame.h; path = libs/cocos2d/CCSpriteFrame.h; sourceTree = "<group>"; };
		9B462A7615CA506800BBC101 /* CCSpriteFrame.m */ = {isa = PBXFileReference; lastKnownFileType = sourcecode.c.objc; name = CCSpriteFrame.m; path = libs/cocos2d/CCSpriteFrame.m; sourceTree = "<group>"; };
		9B462A7815CA506800BBC101 /* CCSpriteFrameCache.h */ = {isa = PBXFileReference; lastKnownFileType = sourcecode.c.h; name = CCSpriteFrameCache.h; path = libs/cocos2d/CCSpriteFrameCache.h; sourceTree = "<group>"; };
		9B462A7915CA506800BBC101 /* CCSpriteFrameCache.m */ = {isa = PBXFileReference; lastKnownFileType = sourcecode.c.objc; name = CCSpriteFrameCache.m; path = libs/cocos2d/CCSpriteFrameCache.m; sourceTree = "<group>"; };
		9B462A7B15CA506800BBC101 /* CCTexture2D.h */ = {isa = PBXFileReference; lastKnownFileType = sourcecode.c.h; name = CCTexture2D.h; path = libs/cocos2d/CCTexture2D.h; sourceTree = "<group>"; };
		9B462A7C15CA506800BBC101 /* CCTexture2D.m */ = {isa = PBXFileReference; lastKnownFileType = sourcecode.c.objc; name = CCTexture2D.m; path = libs/cocos2d/CCTexture2D.m; sourceTree = "<group>"; };
		9B462A7E15CA506800BBC101 /* CCTextureAtlas.h */ = {isa = PBXFileReference; lastKnownFileType = sourcecode.c.h; name = CCTextureAtlas.h; path = libs/cocos2d/CCTextureAtlas.h; sourceTree = "<group>"; };
		9B462A7F15CA506800BBC101 /* CCTextureAtlas.m */ = {isa = PBXFileReference; lastKnownFileType = sourcecode.c.objc; name = CCTextureAtlas.m; path = libs/cocos2d/CCTextureAtlas.m; sourceTree = "<group>"; };
		9B462A8115CA506800BBC101 /* CCTextureCache.h */ = {isa = PBXFileReference; lastKnownFileType = sourcecode.c.h; name = CCTextureCache.h; path = libs/cocos2d/CCTextureCache.h; sourceTree = "<group>"; };
		9B462A8215CA506800BBC101 /* CCTextureCache.m */ = {isa = PBXFileReference; lastKnownFileType = sourcecode.c.objc; name = CCTextureCache.m; path = libs/cocos2d/CCTextureCache.m; sourceTree = "<group>"; };
		9B462A8415CA506800BBC101 /* CCTexturePVR.h */ = {isa = PBXFileReference; lastKnownFileType = sourcecode.c.h; name = CCTexturePVR.h; path = libs/cocos2d/CCTexturePVR.h; sourceTree = "<group>"; };
		9B462A8515CA506800BBC101 /* CCTexturePVR.m */ = {isa = PBXFileReference; lastKnownFileType = sourcecode.c.objc; name = CCTexturePVR.m; path = libs/cocos2d/CCTexturePVR.m; sourceTree = "<group>"; };
		9B462A8715CA506800BBC101 /* CCTileMapAtlas.h */ = {isa = PBXFileReference; lastKnownFileType = sourcecode.c.h; name = CCTileMapAtlas.h; path = libs/cocos2d/CCTileMapAtlas.h; sourceTree = "<group>"; };
		9B462A8815CA506800BBC101 /* CCTileMapAtlas.m */ = {isa = PBXFileReference; lastKnownFileType = sourcecode.c.objc; name = CCTileMapAtlas.m; path = libs/cocos2d/CCTileMapAtlas.m; sourceTree = "<group>"; };
		9B462A8A15CA506800BBC101 /* CCTMXLayer.h */ = {isa = PBXFileReference; lastKnownFileType = sourcecode.c.h; name = CCTMXLayer.h; path = libs/cocos2d/CCTMXLayer.h; sourceTree = "<group>"; };
		9B462A8B15CA506800BBC101 /* CCTMXLayer.m */ = {isa = PBXFileReference; lastKnownFileType = sourcecode.c.objc; name = CCTMXLayer.m; path = libs/cocos2d/CCTMXLayer.m; sourceTree = "<group>"; };
		9B462A8D15CA506800BBC101 /* CCTMXObjectGroup.h */ = {isa = PBXFileReference; lastKnownFileType = sourcecode.c.h; name = CCTMXObjectGroup.h; path = libs/cocos2d/CCTMXObjectGroup.h; sourceTree = "<group>"; };
		9B462A8E15CA506800BBC101 /* CCTMXObjectGroup.m */ = {isa = PBXFileReference; lastKnownFileType = sourcecode.c.objc; name = CCTMXObjectGroup.m; path = libs/cocos2d/CCTMXObjectGroup.m; sourceTree = "<group>"; };
		9B462A9015CA506800BBC101 /* CCTMXTiledMap.h */ = {isa = PBXFileReference; lastKnownFileType = sourcecode.c.h; name = CCTMXTiledMap.h; path = libs/cocos2d/CCTMXTiledMap.h; sourceTree = "<group>"; };
		9B462A9115CA506800BBC101 /* CCTMXTiledMap.m */ = {isa = PBXFileReference; lastKnownFileType = sourcecode.c.objc; name = CCTMXTiledMap.m; path = libs/cocos2d/CCTMXTiledMap.m; sourceTree = "<group>"; };
		9B462A9315CA506800BBC101 /* CCTMXXMLParser.h */ = {isa = PBXFileReference; lastKnownFileType = sourcecode.c.h; name = CCTMXXMLParser.h; path = libs/cocos2d/CCTMXXMLParser.h; sourceTree = "<group>"; };
		9B462A9415CA506800BBC101 /* CCTMXXMLParser.m */ = {isa = PBXFileReference; lastKnownFileType = sourcecode.c.objc; name = CCTMXXMLParser.m; path = libs/cocos2d/CCTMXXMLParser.m; sourceTree = "<group>"; };
		9B462A9615CA506800BBC101 /* CCTransition.h */ = {isa = PBXFileReference; lastKnownFileType = sourcecode.c.h; name = CCTransition.h; path = libs/cocos2d/CCTransition.h; sourceTree = "<group>"; };
		9B462A9715CA506800BBC101 /* CCTransition.m */ = {isa = PBXFileReference; lastKnownFileType = sourcecode.c.objc; name = CCTransition.m; path = libs/cocos2d/CCTransition.m; sourceTree = "<group>"; };
		9B462A9915CA506800BBC101 /* CCTransitionPageTurn.h */ = {isa = PBXFileReference; lastKnownFileType = sourcecode.c.h; name = CCTransitionPageTurn.h; path = libs/cocos2d/CCTransitionPageTurn.h; sourceTree = "<group>"; };
		9B462A9A15CA506800BBC101 /* CCTransitionPageTurn.m */ = {isa = PBXFileReference; lastKnownFileType = sourcecode.c.objc; name = CCTransitionPageTurn.m; path = libs/cocos2d/CCTransitionPageTurn.m; sourceTree = "<group>"; };
		9B462A9C15CA506800BBC101 /* CCTransitionProgress.h */ = {isa = PBXFileReference; lastKnownFileType = sourcecode.c.h; name = CCTransitionProgress.h; path = libs/cocos2d/CCTransitionProgress.h; sourceTree = "<group>"; };
		9B462A9D15CA506800BBC101 /* CCTransitionProgress.m */ = {isa = PBXFileReference; lastKnownFileType = sourcecode.c.objc; name = CCTransitionProgress.m; path = libs/cocos2d/CCTransitionProgress.m; sourceTree = "<group>"; };
		9B462A9F15CA506800BBC101 /* ccTypes.h */ = {isa = PBXFileReference; lastKnownFileType = sourcecode.c.h; name = ccTypes.h; path = libs/cocos2d/ccTypes.h; sourceTree = "<group>"; };
		9B462AA015CA506800BBC101 /* cocos2d.h */ = {isa = PBXFileReference; lastKnownFileType = sourcecode.c.h; name = cocos2d.h; path = libs/cocos2d/cocos2d.h; sourceTree = "<group>"; };
		9B462AA115CA506800BBC101 /* cocos2d.m */ = {isa = PBXFileReference; lastKnownFileType = sourcecode.c.objc; name = cocos2d.m; path = libs/cocos2d/cocos2d.m; sourceTree = "<group>"; };
		9B462AA415CA506800BBC101 /* CCGL.h */ = {isa = PBXFileReference; lastKnownFileType = sourcecode.c.h; name = CCGL.h; path = libs/cocos2d/Platforms/CCGL.h; sourceTree = "<group>"; };
		9B462AA515CA506800BBC101 /* CCNS.h */ = {isa = PBXFileReference; lastKnownFileType = sourcecode.c.h; name = CCNS.h; path = libs/cocos2d/Platforms/CCNS.h; sourceTree = "<group>"; };
		9B462AA715CA506800BBC101 /* CCDirectorIOS.h */ = {isa = PBXFileReference; lastKnownFileType = sourcecode.c.h; name = CCDirectorIOS.h; path = libs/cocos2d/Platforms/iOS/CCDirectorIOS.h; sourceTree = "<group>"; };
		9B462AA815CA506800BBC101 /* CCDirectorIOS.m */ = {isa = PBXFileReference; lastKnownFileType = sourcecode.c.objc; name = CCDirectorIOS.m; path = libs/cocos2d/Platforms/iOS/CCDirectorIOS.m; sourceTree = "<group>"; };
		9B462AAA15CA506800BBC101 /* CCES2Renderer.h */ = {isa = PBXFileReference; lastKnownFileType = sourcecode.c.h; name = CCES2Renderer.h; path = libs/cocos2d/Platforms/iOS/CCES2Renderer.h; sourceTree = "<group>"; };
		9B462AAB15CA506800BBC101 /* CCES2Renderer.m */ = {isa = PBXFileReference; lastKnownFileType = sourcecode.c.objc; name = CCES2Renderer.m; path = libs/cocos2d/Platforms/iOS/CCES2Renderer.m; sourceTree = "<group>"; };
		9B462AAD15CA506800BBC101 /* CCESRenderer.h */ = {isa = PBXFileReference; lastKnownFileType = sourcecode.c.h; name = CCESRenderer.h; path = libs/cocos2d/Platforms/iOS/CCESRenderer.h; sourceTree = "<group>"; };
		9B462AAE15CA506800BBC101 /* CCGLView.h */ = {isa = PBXFileReference; lastKnownFileType = sourcecode.c.h; name = CCGLView.h; path = libs/cocos2d/Platforms/iOS/CCGLView.h; sourceTree = "<group>"; };
		9B462AAF15CA506800BBC101 /* CCGLView.m */ = {isa = PBXFileReference; lastKnownFileType = sourcecode.c.objc; name = CCGLView.m; path = libs/cocos2d/Platforms/iOS/CCGLView.m; sourceTree = "<group>"; };
		9B462AB115CA506800BBC101 /* CCTouchDelegateProtocol.h */ = {isa = PBXFileReference; lastKnownFileType = sourcecode.c.h; name = CCTouchDelegateProtocol.h; path = libs/cocos2d/Platforms/iOS/CCTouchDelegateProtocol.h; sourceTree = "<group>"; };
		9B462AB215CA506800BBC101 /* CCTouchDispatcher.h */ = {isa = PBXFileReference; lastKnownFileType = sourcecode.c.h; name = CCTouchDispatcher.h; path = libs/cocos2d/Platforms/iOS/CCTouchDispatcher.h; sourceTree = "<group>"; };
		9B462AB315CA506800BBC101 /* CCTouchDispatcher.m */ = {isa = PBXFileReference; lastKnownFileType = sourcecode.c.objc; name = CCTouchDispatcher.m; path = libs/cocos2d/Platforms/iOS/CCTouchDispatcher.m; sourceTree = "<group>"; };
		9B462AB515CA506800BBC101 /* CCTouchHandler.h */ = {isa = PBXFileReference; lastKnownFileType = sourcecode.c.h; name = CCTouchHandler.h; path = libs/cocos2d/Platforms/iOS/CCTouchHandler.h; sourceTree = "<group>"; };
		9B462AB615CA506800BBC101 /* CCTouchHandler.m */ = {isa = PBXFileReference; lastKnownFileType = sourcecode.c.objc; name = CCTouchHandler.m; path = libs/cocos2d/Platforms/iOS/CCTouchHandler.m; sourceTree = "<group>"; };
		9B462AB915CA506800BBC101 /* CCDirectorMac.h */ = {isa = PBXFileReference; lastKnownFileType = sourcecode.c.h; name = CCDirectorMac.h; path = libs/cocos2d/Platforms/Mac/CCDirectorMac.h; sourceTree = "<group>"; };
		9B462ABA15CA506800BBC101 /* CCDirectorMac.m */ = {isa = PBXFileReference; lastKnownFileType = sourcecode.c.objc; name = CCDirectorMac.m; path = libs/cocos2d/Platforms/Mac/CCDirectorMac.m; sourceTree = "<group>"; };
		9B462ABC15CA506800BBC101 /* CCEventDispatcher.h */ = {isa = PBXFileReference; lastKnownFileType = sourcecode.c.h; name = CCEventDispatcher.h; path = libs/cocos2d/Platforms/Mac/CCEventDispatcher.h; sourceTree = "<group>"; };
		9B462ABD15CA506800BBC101 /* CCEventDispatcher.m */ = {isa = PBXFileReference; lastKnownFileType = sourcecode.c.objc; name = CCEventDispatcher.m; path = libs/cocos2d/Platforms/Mac/CCEventDispatcher.m; sourceTree = "<group>"; };
		9B462ABF15CA506800BBC101 /* CCGLView.h */ = {isa = PBXFileReference; lastKnownFileType = sourcecode.c.h; name = CCGLView.h; path = libs/cocos2d/Platforms/Mac/CCGLView.h; sourceTree = "<group>"; };
		9B462AC015CA506800BBC101 /* CCGLView.m */ = {isa = PBXFileReference; lastKnownFileType = sourcecode.c.objc; name = CCGLView.m; path = libs/cocos2d/Platforms/Mac/CCGLView.m; sourceTree = "<group>"; };
		9B462AC215CA506800BBC101 /* CCWindow.h */ = {isa = PBXFileReference; lastKnownFileType = sourcecode.c.h; name = CCWindow.h; path = libs/cocos2d/Platforms/Mac/CCWindow.h; sourceTree = "<group>"; };
		9B462AC315CA506800BBC101 /* CCWindow.m */ = {isa = PBXFileReference; lastKnownFileType = sourcecode.c.objc; name = CCWindow.m; path = libs/cocos2d/Platforms/Mac/CCWindow.m; sourceTree = "<group>"; };
		9B462AC615CA506800BBC101 /* base64.c */ = {isa = PBXFileReference; lastKnownFileType = sourcecode.c.c; name = base64.c; path = libs/cocos2d/Support/base64.c; sourceTree = "<group>"; };
		9B462AC815CA506800BBC101 /* base64.h */ = {isa = PBXFileReference; lastKnownFileType = sourcecode.c.h; name = base64.h; path = libs/cocos2d/Support/base64.h; sourceTree = "<group>"; };
		9B462AC915CA506800BBC101 /* CCArray.h */ = {isa = PBXFileReference; lastKnownFileType = sourcecode.c.h; name = CCArray.h; path = libs/cocos2d/Support/CCArray.h; sourceTree = "<group>"; };
		9B462ACA15CA506800BBC101 /* CCArray.m */ = {isa = PBXFileReference; lastKnownFileType = sourcecode.c.objc; name = CCArray.m; path = libs/cocos2d/Support/CCArray.m; sourceTree = "<group>"; };
		9B462ACC15CA506800BBC101 /* ccCArray.h */ = {isa = PBXFileReference; lastKnownFileType = sourcecode.c.h; name = ccCArray.h; path = libs/cocos2d/Support/ccCArray.h; sourceTree = "<group>"; };
		9B462ACD15CA506800BBC101 /* ccCArray.m */ = {isa = PBXFileReference; lastKnownFileType = sourcecode.c.objc; name = ccCArray.m; path = libs/cocos2d/Support/ccCArray.m; sourceTree = "<group>"; };
		9B462ACF15CA506800BBC101 /* CCFileUtils.h */ = {isa = PBXFileReference; lastKnownFileType = sourcecode.c.h; name = CCFileUtils.h; path = libs/cocos2d/Support/CCFileUtils.h; sourceTree = "<group>"; };
		9B462AD015CA506800BBC101 /* CCFileUtils.m */ = {isa = PBXFileReference; lastKnownFileType = sourcecode.c.objc; name = CCFileUtils.m; path = libs/cocos2d/Support/CCFileUtils.m; sourceTree = "<group>"; };
		9B462AD215CA506800BBC101 /* CCProfiling.h */ = {isa = PBXFileReference; lastKnownFileType = sourcecode.c.h; name = CCProfiling.h; path = libs/cocos2d/Support/CCProfiling.h; sourceTree = "<group>"; };
		9B462AD315CA506800BBC101 /* CCProfiling.m */ = {isa = PBXFileReference; lastKnownFileType = sourcecode.c.objc; name = CCProfiling.m; path = libs/cocos2d/Support/CCProfiling.m; sourceTree = "<group>"; };
		9B462AD515CA506800BBC101 /* ccUtils.c */ = {isa = PBXFileReference; lastKnownFileType = sourcecode.c.c; name = ccUtils.c; path = libs/cocos2d/Support/ccUtils.c; sourceTree = "<group>"; };
		9B462AD715CA506800BBC101 /* ccUtils.h */ = {isa = PBXFileReference; lastKnownFileType = sourcecode.c.h; name = ccUtils.h; path = libs/cocos2d/Support/ccUtils.h; sourceTree = "<group>"; };
		9B462AD815CA506800BBC101 /* CCVertex.h */ = {isa = PBXFileReference; lastKnownFileType = sourcecode.c.h; name = CCVertex.h; path = libs/cocos2d/Support/CCVertex.h; sourceTree = "<group>"; };
		9B462AD915CA506800BBC101 /* CCVertex.m */ = {isa = PBXFileReference; lastKnownFileType = sourcecode.c.objc; name = CCVertex.m; path = libs/cocos2d/Support/CCVertex.m; sourceTree = "<group>"; };
		9B462ADB15CA506800BBC101 /* CGPointExtension.h */ = {isa = PBXFileReference; lastKnownFileType = sourcecode.c.h; name = CGPointExtension.h; path = libs/cocos2d/Support/CGPointExtension.h; sourceTree = "<group>"; };
		9B462ADC15CA506800BBC101 /* CGPointExtension.m */ = {isa = PBXFileReference; lastKnownFileType = sourcecode.c.objc; name = CGPointExtension.m; path = libs/cocos2d/Support/CGPointExtension.m; sourceTree = "<group>"; };
		9B462ADE15CA506800BBC101 /* NSThread+performBlock.h */ = {isa = PBXFileReference; lastKnownFileType = sourcecode.c.h; name = "NSThread+performBlock.h"; path = "libs/cocos2d/Support/NSThread+performBlock.h"; sourceTree = "<group>"; };
		9B462ADF15CA506800BBC101 /* NSThread+performBlock.m */ = {isa = PBXFileReference; lastKnownFileType = sourcecode.c.objc; name = "NSThread+performBlock.m"; path = "libs/cocos2d/Support/NSThread+performBlock.m"; sourceTree = "<group>"; };
		9B462AE115CA506800BBC101 /* OpenGL_Internal.h */ = {isa = PBXFileReference; lastKnownFileType = sourcecode.c.h; name = OpenGL_Internal.h; path = libs/cocos2d/Support/OpenGL_Internal.h; sourceTree = "<group>"; };
		9B462AE215CA506800BBC101 /* TGAlib.h */ = {isa = PBXFileReference; lastKnownFileType = sourcecode.c.h; name = TGAlib.h; path = libs/cocos2d/Support/TGAlib.h; sourceTree = "<group>"; };
		9B462AE315CA506800BBC101 /* TGAlib.m */ = {isa = PBXFileReference; lastKnownFileType = sourcecode.c.objc; name = TGAlib.m; path = libs/cocos2d/Support/TGAlib.m; sourceTree = "<group>"; };
		9B462AE515CA506800BBC101 /* TransformUtils.h */ = {isa = PBXFileReference; lastKnownFileType = sourcecode.c.h; name = TransformUtils.h; path = libs/cocos2d/Support/TransformUtils.h; sourceTree = "<group>"; };
		9B462AE615CA506800BBC101 /* TransformUtils.m */ = {isa = PBXFileReference; lastKnownFileType = sourcecode.c.objc; name = TransformUtils.m; path = libs/cocos2d/Support/TransformUtils.m; sourceTree = "<group>"; };
		9B462AE815CA506800BBC101 /* uthash.h */ = {isa = PBXFileReference; lastKnownFileType = sourcecode.c.h; name = uthash.h; path = libs/cocos2d/Support/uthash.h; sourceTree = "<group>"; };
		9B462AE915CA506900BBC101 /* utlist.h */ = {isa = PBXFileReference; lastKnownFileType = sourcecode.c.h; name = utlist.h; path = libs/cocos2d/Support/utlist.h; sourceTree = "<group>"; };
		9B462AEA15CA506900BBC101 /* ZipUtils.h */ = {isa = PBXFileReference; lastKnownFileType = sourcecode.c.h; name = ZipUtils.h; path = libs/cocos2d/Support/ZipUtils.h; sourceTree = "<group>"; };
		9B462AEB15CA506900BBC101 /* ZipUtils.m */ = {isa = PBXFileReference; lastKnownFileType = sourcecode.c.objc; name = ZipUtils.m; path = libs/cocos2d/Support/ZipUtils.m; sourceTree = "<group>"; };
		9B462AED15CA506900BBC101 /* LICENSE_cocos2d.txt */ = {isa = PBXFileReference; lastKnownFileType = text; name = LICENSE_cocos2d.txt; path = libs/LICENSE_cocos2d.txt; sourceTree = "<group>"; };
		9B462AEF15CA506900BBC101 /* CDAudioManager.h */ = {isa = PBXFileReference; lastKnownFileType = sourcecode.c.h; name = CDAudioManager.h; path = libs/CocosDenshion/CDAudioManager.h; sourceTree = "<group>"; };
		9B462AF015CA506900BBC101 /* CDAudioManager.m */ = {isa = PBXFileReference; lastKnownFileType = sourcecode.c.objc; name = CDAudioManager.m; path = libs/CocosDenshion/CDAudioManager.m; sourceTree = "<group>"; };
		9B462AF215CA506900BBC101 /* CDConfig.h */ = {isa = PBXFileReference; lastKnownFileType = sourcecode.c.h; name = CDConfig.h; path = libs/CocosDenshion/CDConfig.h; sourceTree = "<group>"; };
		9B462AF315CA506900BBC101 /* CDOpenALSupport.h */ = {isa = PBXFileReference; lastKnownFileType = sourcecode.c.h; name = CDOpenALSupport.h; path = libs/CocosDenshion/CDOpenALSupport.h; sourceTree = "<group>"; };
		9B462AF415CA506900BBC101 /* CDOpenALSupport.m */ = {isa = PBXFileReference; lastKnownFileType = sourcecode.c.objc; name = CDOpenALSupport.m; path = libs/CocosDenshion/CDOpenALSupport.m; sourceTree = "<group>"; };
		9B462AF615CA506900BBC101 /* CocosDenshion.h */ = {isa = PBXFileReference; lastKnownFileType = sourcecode.c.h; name = CocosDenshion.h; path = libs/CocosDenshion/CocosDenshion.h; sourceTree = "<group>"; };
		9B462AF715CA506900BBC101 /* CocosDenshion.m */ = {isa = PBXFileReference; lastKnownFileType = sourcecode.c.objc; name = CocosDenshion.m; path = libs/CocosDenshion/CocosDenshion.m; sourceTree = "<group>"; };
		9B462AF915CA506900BBC101 /* SimpleAudioEngine.h */ = {isa = PBXFileReference; lastKnownFileType = sourcecode.c.h; name = SimpleAudioEngine.h; path = libs/CocosDenshion/SimpleAudioEngine.h; sourceTree = "<group>"; };
		9B462AFA15CA506900BBC101 /* SimpleAudioEngine.m */ = {isa = PBXFileReference; lastKnownFileType = sourcecode.c.objc; name = SimpleAudioEngine.m; path = libs/CocosDenshion/SimpleAudioEngine.m; sourceTree = "<group>"; };
		9B462AFC15CA506900BBC101 /* LICENSE_CocosDenshion.txt */ = {isa = PBXFileReference; lastKnownFileType = text; name = LICENSE_CocosDenshion.txt; path = libs/LICENSE_CocosDenshion.txt; sourceTree = "<group>"; };
		9B462AFE15CA506900BBC101 /* CDXMacOSXSupport.h */ = {isa = PBXFileReference; lastKnownFileType = sourcecode.c.h; name = CDXMacOSXSupport.h; path = libs/CocosDenshionExtras/CDXMacOSXSupport.h; sourceTree = "<group>"; };
		9B462AFF15CA506900BBC101 /* CDXMacOSXSupport.m */ = {isa = PBXFileReference; lastKnownFileType = sourcecode.c.objc; name = CDXMacOSXSupport.m; path = libs/CocosDenshionExtras/CDXMacOSXSupport.m; sourceTree = "<group>"; };
		9B462B0115CA506900BBC101 /* CDXPropertyModifierAction.h */ = {isa = PBXFileReference; lastKnownFileType = sourcecode.c.h; name = CDXPropertyModifierAction.h; path = libs/CocosDenshionExtras/CDXPropertyModifierAction.h; sourceTree = "<group>"; };
		9B462B0215CA506900BBC101 /* CDXPropertyModifierAction.m */ = {isa = PBXFileReference; lastKnownFileType = sourcecode.c.objc; name = CDXPropertyModifierAction.m; path = libs/CocosDenshionExtras/CDXPropertyModifierAction.m; sourceTree = "<group>"; };
		9B462B0715CA506900BBC101 /* aabb.h */ = {isa = PBXFileReference; lastKnownFileType = sourcecode.c.h; name = aabb.h; path = libs/kazmath/include/kazmath/aabb.h; sourceTree = "<group>"; };
		9B462B0915CA506900BBC101 /* mat4stack.h */ = {isa = PBXFileReference; lastKnownFileType = sourcecode.c.h; name = mat4stack.h; path = libs/kazmath/include/kazmath/GL/mat4stack.h; sourceTree = "<group>"; };
		9B462B0A15CA506900BBC101 /* matrix.h */ = {isa = PBXFileReference; lastKnownFileType = sourcecode.c.h; name = matrix.h; path = libs/kazmath/include/kazmath/GL/matrix.h; sourceTree = "<group>"; };
		9B462B0B15CA506900BBC101 /* kazmath.h */ = {isa = PBXFileReference; lastKnownFileType = sourcecode.c.h; name = kazmath.h; path = libs/kazmath/include/kazmath/kazmath.h; sourceTree = "<group>"; };
		9B462B0C15CA506900BBC101 /* mat3.h */ = {isa = PBXFileReference; lastKnownFileType = sourcecode.c.h; name = mat3.h; path = libs/kazmath/include/kazmath/mat3.h; sourceTree = "<group>"; };
		9B462B0D15CA506900BBC101 /* mat4.h */ = {isa = PBXFileReference; lastKnownFileType = sourcecode.c.h; name = mat4.h; path = libs/kazmath/include/kazmath/mat4.h; sourceTree = "<group>"; };
		9B462B0E15CA506900BBC101 /* neon_matrix_impl.h */ = {isa = PBXFileReference; lastKnownFileType = sourcecode.c.h; name = neon_matrix_impl.h; path = libs/kazmath/include/kazmath/neon_matrix_impl.h; sourceTree = "<group>"; };
		9B462B0F15CA506900BBC101 /* plane.h */ = {isa = PBXFileReference; lastKnownFileType = sourcecode.c.h; name = plane.h; path = libs/kazmath/include/kazmath/plane.h; sourceTree = "<group>"; };
		9B462B1015CA506900BBC101 /* quaternion.h */ = {isa = PBXFileReference; lastKnownFileType = sourcecode.c.h; name = quaternion.h; path = libs/kazmath/include/kazmath/quaternion.h; sourceTree = "<group>"; };
		9B462B1115CA506900BBC101 /* ray2.h */ = {isa = PBXFileReference; lastKnownFileType = sourcecode.c.h; name = ray2.h; path = libs/kazmath/include/kazmath/ray2.h; sourceTree = "<group>"; };
		9B462B1215CA506900BBC101 /* utility.h */ = {isa = PBXFileReference; lastKnownFileType = sourcecode.c.h; name = utility.h; path = libs/kazmath/include/kazmath/utility.h; sourceTree = "<group>"; };
		9B462B1315CA506900BBC101 /* vec2.h */ = {isa = PBXFileReference; lastKnownFileType = sourcecode.c.h; name = vec2.h; path = libs/kazmath/include/kazmath/vec2.h; sourceTree = "<group>"; };
		9B462B1415CA506900BBC101 /* vec3.h */ = {isa = PBXFileReference; lastKnownFileType = sourcecode.c.h; name = vec3.h; path = libs/kazmath/include/kazmath/vec3.h; sourceTree = "<group>"; };
		9B462B1515CA506900BBC101 /* vec4.h */ = {isa = PBXFileReference; lastKnownFileType = sourcecode.c.h; name = vec4.h; path = libs/kazmath/include/kazmath/vec4.h; sourceTree = "<group>"; };
		9B462B1715CA506900BBC101 /* aabb.c */ = {isa = PBXFileReference; lastKnownFileType = sourcecode.c.c; name = aabb.c; path = libs/kazmath/src/aabb.c; sourceTree = "<group>"; };
		9B462B1915CA506900BBC101 /* ChangeLog */ = {isa = PBXFileReference; lastKnownFileType = text; name = ChangeLog; path = libs/kazmath/src/ChangeLog; sourceTree = "<group>"; };
		9B462B1B15CA506900BBC101 /* CMakeLists.txt */ = {isa = PBXFileReference; lastKnownFileType = text; name = CMakeLists.txt; path = libs/kazmath/src/CMakeLists.txt; sourceTree = "<group>"; };
		9B462B1D15CA506900BBC101 /* mat4stack.c */ = {isa = PBXFileReference; lastKnownFileType = sourcecode.c.c; name = mat4stack.c; path = libs/kazmath/src/GL/mat4stack.c; sourceTree = "<group>"; };
		9B462B1F15CA506900BBC101 /* matrix.c */ = {isa = PBXFileReference; lastKnownFileType = sourcecode.c.c; name = matrix.c; path = libs/kazmath/src/GL/matrix.c; sourceTree = "<group>"; };
		9B462B2115CA506900BBC101 /* mat3.c */ = {isa = PBXFileReference; lastKnownFileType = sourcecode.c.c; name = mat3.c; path = libs/kazmath/src/mat3.c; sourceTree = "<group>"; };
		9B462B2315CA506900BBC101 /* mat4.c */ = {isa = PBXFileReference; lastKnownFileType = sourcecode.c.c; name = mat4.c; path = libs/kazmath/src/mat4.c; sourceTree = "<group>"; };
		9B462B2515CA506900BBC101 /* neon_matrix_impl.c */ = {isa = PBXFileReference; lastKnownFileType = sourcecode.c.c; name = neon_matrix_impl.c; path = libs/kazmath/src/neon_matrix_impl.c; sourceTree = "<group>"; };
		9B462B2715CA506900BBC101 /* plane.c */ = {isa = PBXFileReference; lastKnownFileType = sourcecode.c.c; name = plane.c; path = libs/kazmath/src/plane.c; sourceTree = "<group>"; };
		9B462B2915CA506900BBC101 /* quaternion.c */ = {isa = PBXFileReference; lastKnownFileType = sourcecode.c.c; name = quaternion.c; path = libs/kazmath/src/quaternion.c; sourceTree = "<group>"; };
		9B462B2B15CA506900BBC101 /* ray2.c */ = {isa = PBXFileReference; lastKnownFileType = sourcecode.c.c; name = ray2.c; path = libs/kazmath/src/ray2.c; sourceTree = "<group>"; };
		9B462B2D15CA506900BBC101 /* utility.c */ = {isa = PBXFileReference; lastKnownFileType = sourcecode.c.c; name = utility.c; path = libs/kazmath/src/utility.c; sourceTree = "<group>"; };
		9B462B2F15CA506900BBC101 /* vec2.c */ = {isa = PBXFileReference; lastKnownFileType = sourcecode.c.c; name = vec2.c; path = libs/kazmath/src/vec2.c; sourceTree = "<group>"; };
		9B462B3115CA506900BBC101 /* vec3.c */ = {isa = PBXFileReference; lastKnownFileType = sourcecode.c.c; name = vec3.c; path = libs/kazmath/src/vec3.c; sourceTree = "<group>"; };
		9B462B3315CA506900BBC101 /* vec4.c */ = {isa = PBXFileReference; lastKnownFileType = sourcecode.c.c; name = vec4.c; path = libs/kazmath/src/vec4.c; sourceTree = "<group>"; };
		9B462B3515CA506900BBC101 /* LICENSE_Kazmath.txt */ = {isa = PBXFileReference; lastKnownFileType = text; name = LICENSE_Kazmath.txt; path = libs/LICENSE_Kazmath.txt; sourceTree = "<group>"; };
		9B462B3715CA506900BBC101 /* Prefix.pch */ = {isa = PBXFileReference; lastKnownFileType = sourcecode.c.h; path = Prefix.pch; sourceTree = "<group>"; };
		9B462B3815CA506900BBC101 /* main.m */ = {isa = PBXFileReference; lastKnownFileType = sourcecode.c.objc; path = main.m; sourceTree = "<group>"; };
		9B462B3A15CA506900BBC101 /* AppDelegate.h */ = {isa = PBXFileReference; lastKnownFileType = sourcecode.c.h; path = AppDelegate.h; sourceTree = "<group>"; };
		9B462B3B15CA506900BBC101 /* AppDelegate.m */ = {isa = PBXFileReference; lastKnownFileType = sourcecode.c.objc; path = AppDelegate.m; sourceTree = "<group>"; };
		9B462B3D15CA506900BBC101 /* HelloWorldLayer.h */ = {isa = PBXFileReference; lastKnownFileType = sourcecode.c.h; path = HelloWorldLayer.h; sourceTree = "<group>"; };
		9B462B3E15CA506900BBC101 /* HelloWorldLayer.m */ = {isa = PBXFileReference; lastKnownFileType = sourcecode.c.objc; path = HelloWorldLayer.m; sourceTree = "<group>"; };
/* End PBXFileReference section */

/* Begin PBXFrameworksBuildPhase section */
		9B4629B515CA506600BBC101 /* Frameworks */ = {
			isa = PBXFrameworksBuildPhase;
			buildActionMask = 2147483647;
			files = (
				9B4629BD15CA506600BBC101 /* QuartzCore.framework in Frameworks */,
				9B4629BF15CA506600BBC101 /* OpenGL.framework in Frameworks */,
				9B4629C115CA506600BBC101 /* OpenAL.framework in Frameworks */,
				9B4629C315CA506600BBC101 /* AudioToolbox.framework in Frameworks */,
				9B4629C515CA506600BBC101 /* AppKit.framework in Frameworks */,
				9B4629C715CA506600BBC101 /* Foundation.framework in Frameworks */,
			);
			runOnlyForDeploymentPostprocessing = 0;
		};
/* End PBXFrameworksBuildPhase section */

/* Begin PBXGroup section */
		9B4629AD15CA506600BBC101 = {
			isa = PBXGroup;
			children = (
				9B4629C815CA506600BBC101 /* HelloCocos2d-3 */,
				9B4629BB15CA506600BBC101 /* Frameworks */,
				9B4629B915CA506600BBC101 /* Products */,
			);
			sourceTree = "<group>";
		};
		9B4629B915CA506600BBC101 /* Products */ = {
			isa = PBXGroup;
			children = (
				9B4629B815CA506600BBC101 /* HelloCocos2d-3.app */,
			);
			name = Products;
			sourceTree = "<group>";
		};
		9B4629BB15CA506600BBC101 /* Frameworks */ = {
			isa = PBXGroup;
			children = (
				9B4629BC15CA506600BBC101 /* QuartzCore.framework */,
				9B4629BE15CA506600BBC101 /* OpenGL.framework */,
				9B4629C015CA506600BBC101 /* OpenAL.framework */,
				9B4629C215CA506600BBC101 /* AudioToolbox.framework */,
				9B4629C415CA506600BBC101 /* AppKit.framework */,
				9B4629C615CA506600BBC101 /* Foundation.framework */,
			);
			name = Frameworks;
			sourceTree = "<group>";
		};
		9B4629C815CA506600BBC101 /* HelloCocos2d-3 */ = {
			isa = PBXGroup;
			children = (
				9B462B3A15CA506900BBC101 /* AppDelegate.h */,
				9B462B3B15CA506900BBC101 /* AppDelegate.m */,
				9B462B3D15CA506900BBC101 /* HelloWorldLayer.h */,
				9B462B3E15CA506900BBC101 /* HelloWorldLayer.m */,
				9B4629C915CA506600BBC101 /* Resources */,
				9B4629D615CA506600BBC101 /* libs */,
				9B462B3615CA506900BBC101 /* Supporting Files */,
			);
			path = "HelloCocos2d-3";
			sourceTree = "<group>";
		};
		9B4629C915CA506600BBC101 /* Resources */ = {
			isa = PBXGroup;
			children = (
				9B4629D115CA506600BBC101 /* fps_images.png */,
				9B4629D315CA506600BBC101 /* icon.icns */,
				9B4629D515CA506600BBC101 /* Info.plist */,
				9B4629CA15CA506600BBC101 /* English.lproj */,
			);
			name = Resources;
			sourceTree = "<group>";
		};
		9B4629CA15CA506600BBC101 /* English.lproj */ = {
			isa = PBXGroup;
			children = (
				9B4629CB15CA506600BBC101 /* InfoPlist.strings */,
				9B4629CE15CA506600BBC101 /* MainMenu.xib */,
			);
			name = English.lproj;
			sourceTree = "<group>";
		};
		9B4629D615CA506600BBC101 /* libs */ = {
			isa = PBXGroup;
			children = (
				9B462AED15CA506900BBC101 /* LICENSE_cocos2d.txt */,
				9B462AFC15CA506900BBC101 /* LICENSE_CocosDenshion.txt */,
				9B462B3515CA506900BBC101 /* LICENSE_Kazmath.txt */,
				9B4629D715CA506600BBC101 /* cocos2d */,
				9B462AEE15CA506900BBC101 /* CocosDenshion */,
				9B462AFD15CA506900BBC101 /* CocosDenshionExtras */,
				9B462B0415CA506900BBC101 /* kazmath */,
			);
			name = libs;
			sourceTree = "<group>";
		};
		9B4629D715CA506600BBC101 /* cocos2d */ = {
			isa = PBXGroup;
			children = (
				9B4629D815CA506600BBC101 /* CCAction.h */,
				9B4629D915CA506600BBC101 /* CCAction.m */,
				9B4629DB15CA506600BBC101 /* CCActionCamera.h */,
				9B4629DC15CA506600BBC101 /* CCActionCamera.m */,
				9B4629DE15CA506600BBC101 /* CCActionCatmullRom.h */,
				9B4629DF15CA506600BBC101 /* CCActionCatmullRom.m */,
				9B4629E115CA506600BBC101 /* CCActionEase.h */,
				9B4629E215CA506600BBC101 /* CCActionEase.m */,
				9B4629E415CA506600BBC101 /* CCActionGrid.h */,
				9B4629E515CA506600BBC101 /* CCActionGrid.m */,
				9B4629E715CA506600BBC101 /* CCActionGrid3D.h */,
				9B4629E815CA506600BBC101 /* CCActionGrid3D.m */,
				9B4629EA15CA506600BBC101 /* CCActionInstant.h */,
				9B4629EB15CA506600BBC101 /* CCActionInstant.m */,
				9B4629ED15CA506600BBC101 /* CCActionInterval.h */,
				9B4629EE15CA506600BBC101 /* CCActionInterval.m */,
				9B4629F015CA506600BBC101 /* CCActionManager.h */,
				9B4629F115CA506600BBC101 /* CCActionManager.m */,
				9B4629F315CA506600BBC101 /* CCActionPageTurn3D.h */,
				9B4629F415CA506600BBC101 /* CCActionPageTurn3D.m */,
				9B4629F615CA506600BBC101 /* CCActionProgressTimer.h */,
				9B4629F715CA506600BBC101 /* CCActionProgressTimer.m */,
				9B4629F915CA506600BBC101 /* CCActionTiledGrid.h */,
				9B4629FA15CA506600BBC101 /* CCActionTiledGrid.m */,
				9B4629FC15CA506600BBC101 /* CCActionTween.h */,
				9B4629FD15CA506600BBC101 /* CCActionTween.m */,
				9B4629FF15CA506700BBC101 /* CCAnimation.h */,
				9B462A0015CA506700BBC101 /* CCAnimation.m */,
				9B462A0215CA506700BBC101 /* CCAnimationCache.h */,
				9B462A0315CA506700BBC101 /* CCAnimationCache.m */,
				9B462A0515CA506700BBC101 /* CCAtlasNode.h */,
				9B462A0615CA506700BBC101 /* CCAtlasNode.m */,
				9B462A0815CA506700BBC101 /* CCCamera.h */,
				9B462A0915CA506700BBC101 /* CCCamera.m */,
				9B462A0B15CA506700BBC101 /* ccConfig.h */,
				9B462A0C15CA506700BBC101 /* CCConfiguration.h */,
				9B462A0D15CA506700BBC101 /* CCConfiguration.m */,
				9B462A0F15CA506700BBC101 /* ccDeprecated.h */,
				9B462A1015CA506700BBC101 /* ccDeprecated.m */,
				9B462A1215CA506700BBC101 /* CCDirector.h */,
				9B462A1315CA506700BBC101 /* CCDirector.m */,
				9B462A1515CA506700BBC101 /* CCDrawingPrimitives.h */,
				9B462A1615CA506700BBC101 /* CCDrawingPrimitives.m */,
				9B462A1815CA506700BBC101 /* CCGLProgram.h */,
				9B462A1915CA506700BBC101 /* CCGLProgram.m */,
				9B462A1B15CA506700BBC101 /* ccGLStateCache.h */,
				9B462A1C15CA506700BBC101 /* ccGLStateCache.m */,
				9B462A1E15CA506700BBC101 /* CCGrabber.h */,
				9B462A1F15CA506700BBC101 /* CCGrabber.m */,
				9B462A2115CA506700BBC101 /* CCGrid.h */,
				9B462A2215CA506700BBC101 /* CCGrid.m */,
				9B462A2415CA506700BBC101 /* CCLabelAtlas.h */,
				9B462A2515CA506700BBC101 /* CCLabelAtlas.m */,
				9B462A2715CA506700BBC101 /* CCLabelBMFont.h */,
				9B462A2815CA506700BBC101 /* CCLabelBMFont.m */,
				9B462A2A15CA506700BBC101 /* CCLabelTTF.h */,
				9B462A2B15CA506700BBC101 /* CCLabelTTF.m */,
				9B462A2D15CA506700BBC101 /* CCLayer.h */,
				9B462A2E15CA506700BBC101 /* CCLayer.m */,
				9B462A3015CA506700BBC101 /* ccMacros.h */,
				9B462A3115CA506700BBC101 /* CCMenu.h */,
				9B462A3215CA506700BBC101 /* CCMenu.m */,
				9B462A3415CA506700BBC101 /* CCMenuItem.h */,
				9B462A3515CA506700BBC101 /* CCMenuItem.m */,
				9B462A3715CA506700BBC101 /* CCMotionStreak.h */,
				9B462A3815CA506700BBC101 /* CCMotionStreak.m */,
				9B462A3A15CA506700BBC101 /* CCNode+Debug.h */,
				9B462A3B15CA506700BBC101 /* CCNode+Debug.m */,
				9B462A3D15CA506700BBC101 /* CCNode.h */,
				9B462A3E15CA506700BBC101 /* CCNode.m */,
				9B462A4015CA506700BBC101 /* CCParallaxNode.h */,
				9B462A4115CA506700BBC101 /* CCParallaxNode.m */,
				9B462A4315CA506700BBC101 /* CCParticleBatchNode.h */,
				9B462A4415CA506700BBC101 /* CCParticleBatchNode.m */,
				9B462A4615CA506700BBC101 /* CCParticleExamples.h */,
				9B462A4715CA506700BBC101 /* CCParticleExamples.m */,
				9B462A4915CA506700BBC101 /* CCParticleSystem.h */,
				9B462A4A15CA506700BBC101 /* CCParticleSystem.m */,
				9B462A4C15CA506700BBC101 /* CCParticleSystemQuad.h */,
				9B462A4D15CA506700BBC101 /* CCParticleSystemQuad.m */,
				9B462A4F15CA506700BBC101 /* CCProgressTimer.h */,
				9B462A5015CA506700BBC101 /* CCProgressTimer.m */,
				9B462A5215CA506700BBC101 /* CCProtocols.h */,
				9B462A5315CA506700BBC101 /* CCRenderTexture.h */,
				9B462A5415CA506700BBC101 /* CCRenderTexture.m */,
				9B462A5615CA506700BBC101 /* CCScene.h */,
				9B462A5715CA506700BBC101 /* CCScene.m */,
				9B462A5915CA506700BBC101 /* CCScheduler.h */,
				9B462A5A15CA506700BBC101 /* CCScheduler.m */,
				9B462A5C15CA506700BBC101 /* ccShader_Position_uColor_frag.h */,
				9B462A5D15CA506700BBC101 /* ccShader_Position_uColor_vert.h */,
				9B462A5E15CA506700BBC101 /* ccShader_PositionColor_frag.h */,
				9B462A5F15CA506700BBC101 /* ccShader_PositionColor_vert.h */,
				9B462A6015CA506700BBC101 /* ccShader_PositionTexture_frag.h */,
				9B462A6115CA506700BBC101 /* ccShader_PositionTexture_uColor_frag.h */,
				9B462A6215CA506700BBC101 /* ccShader_PositionTexture_uColor_vert.h */,
				9B462A6315CA506700BBC101 /* ccShader_PositionTexture_vert.h */,
				9B462A6415CA506700BBC101 /* ccShader_PositionTextureA8Color_frag.h */,
				9B462A6515CA506700BBC101 /* ccShader_PositionTextureA8Color_vert.h */,
				9B462A6615CA506700BBC101 /* ccShader_PositionTextureColor_frag.h */,
				9B462A6715CA506700BBC101 /* ccShader_PositionTextureColor_vert.h */,
				9B462A6815CA506700BBC101 /* ccShader_PositionTextureColorAlphaTest_frag.h */,
				9B462A6915CA506700BBC101 /* CCShaderCache.h */,
				9B462A6A15CA506700BBC101 /* CCShaderCache.m */,
				9B462A6C15CA506700BBC101 /* ccShaders.h */,
				9B462A6D15CA506700BBC101 /* ccShaders.m */,
				9B462A6F15CA506700BBC101 /* CCSprite.h */,
				9B462A7015CA506700BBC101 /* CCSprite.m */,
				9B462A7215CA506700BBC101 /* CCSpriteBatchNode.h */,
				9B462A7315CA506800BBC101 /* CCSpriteBatchNode.m */,
				9B462A7515CA506800BBC101 /* CCSpriteFrame.h */,
				9B462A7615CA506800BBC101 /* CCSpriteFrame.m */,
				9B462A7815CA506800BBC101 /* CCSpriteFrameCache.h */,
				9B462A7915CA506800BBC101 /* CCSpriteFrameCache.m */,
				9B462A7B15CA506800BBC101 /* CCTexture2D.h */,
				9B462A7C15CA506800BBC101 /* CCTexture2D.m */,
				9B462A7E15CA506800BBC101 /* CCTextureAtlas.h */,
				9B462A7F15CA506800BBC101 /* CCTextureAtlas.m */,
				9B462A8115CA506800BBC101 /* CCTextureCache.h */,
				9B462A8215CA506800BBC101 /* CCTextureCache.m */,
				9B462A8415CA506800BBC101 /* CCTexturePVR.h */,
				9B462A8515CA506800BBC101 /* CCTexturePVR.m */,
				9B462A8715CA506800BBC101 /* CCTileMapAtlas.h */,
				9B462A8815CA506800BBC101 /* CCTileMapAtlas.m */,
				9B462A8A15CA506800BBC101 /* CCTMXLayer.h */,
				9B462A8B15CA506800BBC101 /* CCTMXLayer.m */,
				9B462A8D15CA506800BBC101 /* CCTMXObjectGroup.h */,
				9B462A8E15CA506800BBC101 /* CCTMXObjectGroup.m */,
				9B462A9015CA506800BBC101 /* CCTMXTiledMap.h */,
				9B462A9115CA506800BBC101 /* CCTMXTiledMap.m */,
				9B462A9315CA506800BBC101 /* CCTMXXMLParser.h */,
				9B462A9415CA506800BBC101 /* CCTMXXMLParser.m */,
				9B462A9615CA506800BBC101 /* CCTransition.h */,
				9B462A9715CA506800BBC101 /* CCTransition.m */,
				9B462A9915CA506800BBC101 /* CCTransitionPageTurn.h */,
				9B462A9A15CA506800BBC101 /* CCTransitionPageTurn.m */,
				9B462A9C15CA506800BBC101 /* CCTransitionProgress.h */,
				9B462A9D15CA506800BBC101 /* CCTransitionProgress.m */,
				9B462A9F15CA506800BBC101 /* ccTypes.h */,
				9B462AA015CA506800BBC101 /* cocos2d.h */,
				9B462AA115CA506800BBC101 /* cocos2d.m */,
				9B462AA315CA506800BBC101 /* Platforms */,
				9B462AC515CA506800BBC101 /* Support */,
			);
			name = cocos2d;
			sourceTree = "<group>";
		};
		9B462AA315CA506800BBC101 /* Platforms */ = {
			isa = PBXGroup;
			children = (
				9B462AA415CA506800BBC101 /* CCGL.h */,
				9B462AA515CA506800BBC101 /* CCNS.h */,
				9B462AA615CA506800BBC101 /* iOS */,
				9B462AB815CA506800BBC101 /* Mac */,
			);
			name = Platforms;
			sourceTree = "<group>";
		};
		9B462AA615CA506800BBC101 /* iOS */ = {
			isa = PBXGroup;
			children = (
				9B462AA715CA506800BBC101 /* CCDirectorIOS.h */,
				9B462AA815CA506800BBC101 /* CCDirectorIOS.m */,
				9B462AAA15CA506800BBC101 /* CCES2Renderer.h */,
				9B462AAB15CA506800BBC101 /* CCES2Renderer.m */,
				9B462AAD15CA506800BBC101 /* CCESRenderer.h */,
				9B462AAE15CA506800BBC101 /* CCGLView.h */,
				9B462AAF15CA506800BBC101 /* CCGLView.m */,
				9B462AB115CA506800BBC101 /* CCTouchDelegateProtocol.h */,
				9B462AB215CA506800BBC101 /* CCTouchDispatcher.h */,
				9B462AB315CA506800BBC101 /* CCTouchDispatcher.m */,
				9B462AB515CA506800BBC101 /* CCTouchHandler.h */,
				9B462AB615CA506800BBC101 /* CCTouchHandler.m */,
			);
			name = iOS;
			sourceTree = "<group>";
		};
		9B462AB815CA506800BBC101 /* Mac */ = {
			isa = PBXGroup;
			children = (
				9B462AB915CA506800BBC101 /* CCDirectorMac.h */,
				9B462ABA15CA506800BBC101 /* CCDirectorMac.m */,
				9B462ABC15CA506800BBC101 /* CCEventDispatcher.h */,
				9B462ABD15CA506800BBC101 /* CCEventDispatcher.m */,
				9B462ABF15CA506800BBC101 /* CCGLView.h */,
				9B462AC015CA506800BBC101 /* CCGLView.m */,
				9B462AC215CA506800BBC101 /* CCWindow.h */,
				9B462AC315CA506800BBC101 /* CCWindow.m */,
			);
			name = Mac;
			sourceTree = "<group>";
		};
		9B462AC515CA506800BBC101 /* Support */ = {
			isa = PBXGroup;
			children = (
				9B462AC615CA506800BBC101 /* base64.c */,
				9B462AC815CA506800BBC101 /* base64.h */,
				9B462AC915CA506800BBC101 /* CCArray.h */,
				9B462ACA15CA506800BBC101 /* CCArray.m */,
				9B462ACC15CA506800BBC101 /* ccCArray.h */,
				9B462ACD15CA506800BBC101 /* ccCArray.m */,
				9B462ACF15CA506800BBC101 /* CCFileUtils.h */,
				9B462AD015CA506800BBC101 /* CCFileUtils.m */,
				9B462AD215CA506800BBC101 /* CCProfiling.h */,
				9B462AD315CA506800BBC101 /* CCProfiling.m */,
				9B462AD515CA506800BBC101 /* ccUtils.c */,
				9B462AD715CA506800BBC101 /* ccUtils.h */,
				9B462AD815CA506800BBC101 /* CCVertex.h */,
				9B462AD915CA506800BBC101 /* CCVertex.m */,
				9B462ADB15CA506800BBC101 /* CGPointExtension.h */,
				9B462ADC15CA506800BBC101 /* CGPointExtension.m */,
				9B462ADE15CA506800BBC101 /* NSThread+performBlock.h */,
				9B462ADF15CA506800BBC101 /* NSThread+performBlock.m */,
				9B462AE115CA506800BBC101 /* OpenGL_Internal.h */,
				9B462AE215CA506800BBC101 /* TGAlib.h */,
				9B462AE315CA506800BBC101 /* TGAlib.m */,
				9B462AE515CA506800BBC101 /* TransformUtils.h */,
				9B462AE615CA506800BBC101 /* TransformUtils.m */,
				9B462AE815CA506800BBC101 /* uthash.h */,
				9B462AE915CA506900BBC101 /* utlist.h */,
				9B462AEA15CA506900BBC101 /* ZipUtils.h */,
				9B462AEB15CA506900BBC101 /* ZipUtils.m */,
			);
			name = Support;
			sourceTree = "<group>";
		};
		9B462AEE15CA506900BBC101 /* CocosDenshion */ = {
			isa = PBXGroup;
			children = (
				9B462AEF15CA506900BBC101 /* CDAudioManager.h */,
				9B462AF015CA506900BBC101 /* CDAudioManager.m */,
				9B462AF215CA506900BBC101 /* CDConfig.h */,
				9B462AF315CA506900BBC101 /* CDOpenALSupport.h */,
				9B462AF415CA506900BBC101 /* CDOpenALSupport.m */,
				9B462AF615CA506900BBC101 /* CocosDenshion.h */,
				9B462AF715CA506900BBC101 /* CocosDenshion.m */,
				9B462AF915CA506900BBC101 /* SimpleAudioEngine.h */,
				9B462AFA15CA506900BBC101 /* SimpleAudioEngine.m */,
			);
			name = CocosDenshion;
			sourceTree = "<group>";
		};
		9B462AFD15CA506900BBC101 /* CocosDenshionExtras */ = {
			isa = PBXGroup;
			children = (
				9B462AFE15CA506900BBC101 /* CDXMacOSXSupport.h */,
				9B462AFF15CA506900BBC101 /* CDXMacOSXSupport.m */,
				9B462B0115CA506900BBC101 /* CDXPropertyModifierAction.h */,
				9B462B0215CA506900BBC101 /* CDXPropertyModifierAction.m */,
			);
			name = CocosDenshionExtras;
			sourceTree = "<group>";
		};
		9B462B0415CA506900BBC101 /* kazmath */ = {
			isa = PBXGroup;
			children = (
				9B462B0515CA506900BBC101 /* include */,
				9B462B1615CA506900BBC101 /* src */,
			);
			name = kazmath;
			sourceTree = "<group>";
		};
		9B462B0515CA506900BBC101 /* include */ = {
			isa = PBXGroup;
			children = (
				9B462B0615CA506900BBC101 /* kazmath */,
			);
			name = include;
			sourceTree = "<group>";
		};
		9B462B0615CA506900BBC101 /* kazmath */ = {
			isa = PBXGroup;
			children = (
				9B462B0715CA506900BBC101 /* aabb.h */,
				9B462B0B15CA506900BBC101 /* kazmath.h */,
				9B462B0C15CA506900BBC101 /* mat3.h */,
				9B462B0D15CA506900BBC101 /* mat4.h */,
				9B462B0E15CA506900BBC101 /* neon_matrix_impl.h */,
				9B462B0F15CA506900BBC101 /* plane.h */,
				9B462B1015CA506900BBC101 /* quaternion.h */,
				9B462B1115CA506900BBC101 /* ray2.h */,
				9B462B1215CA506900BBC101 /* utility.h */,
				9B462B1315CA506900BBC101 /* vec2.h */,
				9B462B1415CA506900BBC101 /* vec3.h */,
				9B462B1515CA506900BBC101 /* vec4.h */,
				9B462B0815CA506900BBC101 /* GL */,
			);
			name = kazmath;
			sourceTree = "<group>";
		};
		9B462B0815CA506900BBC101 /* GL */ = {
			isa = PBXGroup;
			children = (
				9B462B0915CA506900BBC101 /* mat4stack.h */,
				9B462B0A15CA506900BBC101 /* matrix.h */,
			);
			name = GL;
			sourceTree = "<group>";
		};
		9B462B1615CA506900BBC101 /* src */ = {
			isa = PBXGroup;
			children = (
				9B462B1715CA506900BBC101 /* aabb.c */,
				9B462B1915CA506900BBC101 /* ChangeLog */,
				9B462B1B15CA506900BBC101 /* CMakeLists.txt */,
				9B462B2115CA506900BBC101 /* mat3.c */,
				9B462B2315CA506900BBC101 /* mat4.c */,
				9B462B2515CA506900BBC101 /* neon_matrix_impl.c */,
				9B462B2715CA506900BBC101 /* plane.c */,
				9B462B2915CA506900BBC101 /* quaternion.c */,
				9B462B2B15CA506900BBC101 /* ray2.c */,
				9B462B2D15CA506900BBC101 /* utility.c */,
				9B462B2F15CA506900BBC101 /* vec2.c */,
				9B462B3115CA506900BBC101 /* vec3.c */,
				9B462B3315CA506900BBC101 /* vec4.c */,
				9B462B1C15CA506900BBC101 /* GL */,
			);
			name = src;
			sourceTree = "<group>";
		};
		9B462B1C15CA506900BBC101 /* GL */ = {
			isa = PBXGroup;
			children = (
				9B462B1D15CA506900BBC101 /* mat4stack.c */,
				9B462B1F15CA506900BBC101 /* matrix.c */,
			);
			name = GL;
			sourceTree = "<group>";
		};
		9B462B3615CA506900BBC101 /* Supporting Files */ = {
			isa = PBXGroup;
			children = (
				9B462B3715CA506900BBC101 /* Prefix.pch */,
				9B462B3815CA506900BBC101 /* main.m */,
			);
			name = "Supporting Files";
			sourceTree = "<group>";
		};
/* End PBXGroup section */

/* Begin PBXNativeTarget section */
		9B4629B715CA506600BBC101 /* HelloCocos2d-3 */ = {
			isa = PBXNativeTarget;
			buildConfigurationList = 9B462B4215CA506900BBC101 /* Build configuration list for PBXNativeTarget "HelloCocos2d-3" */;
			buildPhases = (
				9B4629B415CA506600BBC101 /* Sources */,
				9B4629B515CA506600BBC101 /* Frameworks */,
				9B4629B615CA506600BBC101 /* Resources */,
			);
			buildRules = (
			);
			dependencies = (
			);
			name = "HelloCocos2d-3";
			productName = "HelloCocos2d-3";
			productReference = 9B4629B815CA506600BBC101 /* HelloCocos2d-3.app */;
			productType = "com.apple.product-type.application";
		};
/* End PBXNativeTarget section */

/* Begin PBXProject section */
		9B4629AF15CA506600BBC101 /* Project object */ = {
			isa = PBXProject;
			attributes = {
				LastUpgradeCheck = 0440;
			};
			buildConfigurationList = 9B4629B215CA506600BBC101 /* Build configuration list for PBXProject "HelloCocos2d-3" */;
			compatibilityVersion = "Xcode 3.2";
			developmentRegion = English;
			hasScannedForEncodings = 0;
			knownRegions = (
				en,
				English,
			);
			mainGroup = 9B4629AD15CA506600BBC101;
			productRefGroup = 9B4629B915CA506600BBC101 /* Products */;
			projectDirPath = "";
			projectRoot = "";
			targets = (
				9B4629B715CA506600BBC101 /* HelloCocos2d-3 */,
			);
		};
/* End PBXProject section */

/* Begin PBXResourcesBuildPhase section */
		9B4629B615CA506600BBC101 /* Resources */ = {
			isa = PBXResourcesBuildPhase;
			buildActionMask = 2147483647;
			files = (
				9B4629CD15CA506600BBC101 /* InfoPlist.strings in Resources */,
				9B4629D015CA506600BBC101 /* MainMenu.xib in Resources */,
				9B4629D215CA506600BBC101 /* fps_images.png in Resources */,
				9B4629D415CA506600BBC101 /* icon.icns in Resources */,
				9B462B1A15CA506900BBC101 /* ChangeLog in Resources */,
			);
			runOnlyForDeploymentPostprocessing = 0;
		};
/* End PBXResourcesBuildPhase section */

/* Begin PBXSourcesBuildPhase section */
		9B4629B415CA506600BBC101 /* Sources */ = {
			isa = PBXSourcesBuildPhase;
			buildActionMask = 2147483647;
			files = (
				9B4629DA15CA506600BBC101 /* CCAction.m in Sources */,
				9B4629DD15CA506600BBC101 /* CCActionCamera.m in Sources */,
				9B4629E015CA506600BBC101 /* CCActionCatmullRom.m in Sources */,
				9B4629E315CA506600BBC101 /* CCActionEase.m in Sources */,
				9B4629E615CA506600BBC101 /* CCActionGrid.m in Sources */,
				9B4629E915CA506600BBC101 /* CCActionGrid3D.m in Sources */,
				9B4629EC15CA506600BBC101 /* CCActionInstant.m in Sources */,
				9B4629EF15CA506600BBC101 /* CCActionInterval.m in Sources */,
				9B4629F215CA506600BBC101 /* CCActionManager.m in Sources */,
				9B4629F515CA506600BBC101 /* CCActionPageTurn3D.m in Sources */,
				9B4629F815CA506600BBC101 /* CCActionProgressTimer.m in Sources */,
				9B4629FB15CA506600BBC101 /* CCActionTiledGrid.m in Sources */,
				9B4629FE15CA506600BBC101 /* CCActionTween.m in Sources */,
				9B462A0115CA506700BBC101 /* CCAnimation.m in Sources */,
				9B462A0415CA506700BBC101 /* CCAnimationCache.m in Sources */,
				9B462A0715CA506700BBC101 /* CCAtlasNode.m in Sources */,
				9B462A0A15CA506700BBC101 /* CCCamera.m in Sources */,
				9B462A0E15CA506700BBC101 /* CCConfiguration.m in Sources */,
				9B462A1115CA506700BBC101 /* ccDeprecated.m in Sources */,
				9B462A1415CA506700BBC101 /* CCDirector.m in Sources */,
				9B462A1715CA506700BBC101 /* CCDrawingPrimitives.m in Sources */,
				9B462A1A15CA506700BBC101 /* CCGLProgram.m in Sources */,
				9B462A1D15CA506700BBC101 /* ccGLStateCache.m in Sources */,
				9B462A2015CA506700BBC101 /* CCGrabber.m in Sources */,
				9B462A2315CA506700BBC101 /* CCGrid.m in Sources */,
				9B462A2615CA506700BBC101 /* CCLabelAtlas.m in Sources */,
				9B462A2915CA506700BBC101 /* CCLabelBMFont.m in Sources */,
				9B462A2C15CA506700BBC101 /* CCLabelTTF.m in Sources */,
				9B462A2F15CA506700BBC101 /* CCLayer.m in Sources */,
				9B462A3315CA506700BBC101 /* CCMenu.m in Sources */,
				9B462A3615CA506700BBC101 /* CCMenuItem.m in Sources */,
				9B462A3915CA506700BBC101 /* CCMotionStreak.m in Sources */,
				9B462A3C15CA506700BBC101 /* CCNode+Debug.m in Sources */,
				9B462A3F15CA506700BBC101 /* CCNode.m in Sources */,
				9B462A4215CA506700BBC101 /* CCParallaxNode.m in Sources */,
				9B462A4515CA506700BBC101 /* CCParticleBatchNode.m in Sources */,
				9B462A4815CA506700BBC101 /* CCParticleExamples.m in Sources */,
				9B462A4B15CA506700BBC101 /* CCParticleSystem.m in Sources */,
				9B462A4E15CA506700BBC101 /* CCParticleSystemQuad.m in Sources */,
				9B462A5115CA506700BBC101 /* CCProgressTimer.m in Sources */,
				9B462A5515CA506700BBC101 /* CCRenderTexture.m in Sources */,
				9B462A5815CA506700BBC101 /* CCScene.m in Sources */,
				9B462A5B15CA506700BBC101 /* CCScheduler.m in Sources */,
				9B462A6B15CA506700BBC101 /* CCShaderCache.m in Sources */,
				9B462A6E15CA506700BBC101 /* ccShaders.m in Sources */,
				9B462A7115CA506700BBC101 /* CCSprite.m in Sources */,
				9B462A7415CA506800BBC101 /* CCSpriteBatchNode.m in Sources */,
				9B462A7715CA506800BBC101 /* CCSpriteFrame.m in Sources */,
				9B462A7A15CA506800BBC101 /* CCSpriteFrameCache.m in Sources */,
				9B462A7D15CA506800BBC101 /* CCTexture2D.m in Sources */,
				9B462A8015CA506800BBC101 /* CCTextureAtlas.m in Sources */,
				9B462A8315CA506800BBC101 /* CCTextureCache.m in Sources */,
				9B462A8615CA506800BBC101 /* CCTexturePVR.m in Sources */,
				9B462A8915CA506800BBC101 /* CCTileMapAtlas.m in Sources */,
				9B462A8C15CA506800BBC101 /* CCTMXLayer.m in Sources */,
				9B462A8F15CA506800BBC101 /* CCTMXObjectGroup.m in Sources */,
				9B462A9215CA506800BBC101 /* CCTMXTiledMap.m in Sources */,
				9B462A9515CA506800BBC101 /* CCTMXXMLParser.m in Sources */,
				9B462A9815CA506800BBC101 /* CCTransition.m in Sources */,
				9B462A9B15CA506800BBC101 /* CCTransitionPageTurn.m in Sources */,
				9B462A9E15CA506800BBC101 /* CCTransitionProgress.m in Sources */,
				9B462AA215CA506800BBC101 /* cocos2d.m in Sources */,
				9B462AA915CA506800BBC101 /* CCDirectorIOS.m in Sources */,
				9B462AAC15CA506800BBC101 /* CCES2Renderer.m in Sources */,
				9B462AB015CA506800BBC101 /* CCGLView.m in Sources */,
				9B462AB415CA506800BBC101 /* CCTouchDispatcher.m in Sources */,
				9B462AB715CA506800BBC101 /* CCTouchHandler.m in Sources */,
				9B462ABB15CA506800BBC101 /* CCDirectorMac.m in Sources */,
				9B462ABE15CA506800BBC101 /* CCEventDispatcher.m in Sources */,
				9B462AC115CA506800BBC101 /* CCGLView.m in Sources */,
				9B462AC415CA506800BBC101 /* CCWindow.m in Sources */,
				9B462AC715CA506800BBC101 /* base64.c in Sources */,
				9B462ACB15CA506800BBC101 /* CCArray.m in Sources */,
				9B462ACE15CA506800BBC101 /* ccCArray.m in Sources */,
				9B462AD115CA506800BBC101 /* CCFileUtils.m in Sources */,
				9B462AD415CA506800BBC101 /* CCProfiling.m in Sources */,
				9B462AD615CA506800BBC101 /* ccUtils.c in Sources */,
				9B462ADA15CA506800BBC101 /* CCVertex.m in Sources */,
				9B462ADD15CA506800BBC101 /* CGPointExtension.m in Sources */,
				9B462AE015CA506800BBC101 /* NSThread+performBlock.m in Sources */,
				9B462AE415CA506800BBC101 /* TGAlib.m in Sources */,
				9B462AE715CA506800BBC101 /* TransformUtils.m in Sources */,
				9B462AEC15CA506900BBC101 /* ZipUtils.m in Sources */,
				9B462AF115CA506900BBC101 /* CDAudioManager.m in Sources */,
				9B462AF515CA506900BBC101 /* CDOpenALSupport.m in Sources */,
				9B462AF815CA506900BBC101 /* CocosDenshion.m in Sources */,
				9B462AFB15CA506900BBC101 /* SimpleAudioEngine.m in Sources */,
				9B462B0015CA506900BBC101 /* CDXMacOSXSupport.m in Sources */,
				9B462B0315CA506900BBC101 /* CDXPropertyModifierAction.m in Sources */,
				9B462B1815CA506900BBC101 /* aabb.c in Sources */,
				9B462B1E15CA506900BBC101 /* mat4stack.c in Sources */,
				9B462B2015CA506900BBC101 /* matrix.c in Sources */,
				9B462B2215CA506900BBC101 /* mat3.c in Sources */,
				9B462B2415CA506900BBC101 /* mat4.c in Sources */,
				9B462B2615CA506900BBC101 /* neon_matrix_impl.c in Sources */,
				9B462B2815CA506900BBC101 /* plane.c in Sources */,
				9B462B2A15CA506900BBC101 /* quaternion.c in Sources */,
				9B462B2C15CA506900BBC101 /* ray2.c in Sources */,
				9B462B2E15CA506900BBC101 /* utility.c in Sources */,
				9B462B3015CA506900BBC101 /* vec2.c in Sources */,
				9B462B3215CA506900BBC101 /* vec3.c in Sources */,
				9B462B3415CA506900BBC101 /* vec4.c in Sources */,
				9B462B3915CA506900BBC101 /* main.m in Sources */,
				9B462B3C15CA506900BBC101 /* AppDelegate.m in Sources */,
				9B462B3F15CA506900BBC101 /* HelloWorldLayer.m in Sources */,
			);
			runOnlyForDeploymentPostprocessing = 0;
		};
/* End PBXSourcesBuildPhase section */

/* Begin PBXVariantGroup section */
		9B4629CB15CA506600BBC101 /* InfoPlist.strings */ = {
			isa = PBXVariantGroup;
			children = (
				9B4629CC15CA506600BBC101 /* English */,
			);
			name = InfoPlist.strings;
			sourceTree = "<group>";
		};
		9B4629CE15CA506600BBC101 /* MainMenu.xib */ = {
			isa = PBXVariantGroup;
			children = (
				9B4629CF15CA506600BBC101 /* English */,
			);
			name = MainMenu.xib;
			sourceTree = "<group>";
		};
/* End PBXVariantGroup section */

/* Begin XCBuildConfiguration section */
		9B462B4015CA506900BBC101 /* Debug */ = {
			isa = XCBuildConfiguration;
			buildSettings = {
				ARCHS = "$(ARCHS_STANDARD_32_64_BIT)";
				GCC_C_LANGUAGE_STANDARD = gnu99;
				GCC_OPTIMIZATION_LEVEL = 0;
				GCC_PREPROCESSOR_DEFINITIONS = (
					DEBUG,
					"COCOS2D_DEBUG=1",
				);
				GCC_SYMBOLS_PRIVATE_EXTERN = NO;
				GCC_VERSION = com.apple.compilers.llvm.clang.1_0;
				GCC_WARN_64_TO_32_BIT_CONVERSION = YES;
				GCC_WARN_ABOUT_RETURN_TYPE = YES;
				GCC_WARN_UNUSED_VARIABLE = YES;
				MACOSX_DEPLOYMENT_TARGET = 10.8;
				ONLY_ACTIVE_ARCH = YES;
				SDKROOT = macosx;
			};
			name = Debug;
		};
		9B462B4115CA506900BBC101 /* Release */ = {
			isa = XCBuildConfiguration;
			buildSettings = {
				ARCHS = "$(ARCHS_STANDARD_32_64_BIT)";
				GCC_C_LANGUAGE_STANDARD = gnu99;
				GCC_PREPROCESSOR_DEFINITIONS = (
					NDEBUG,
					"NS_BLOCK_ASSERTIONS=1",
				);
				GCC_VERSION = com.apple.compilers.llvm.clang.1_0;
				GCC_WARN_64_TO_32_BIT_CONVERSION = YES;
				GCC_WARN_ABOUT_RETURN_TYPE = YES;
				GCC_WARN_UNUSED_VARIABLE = YES;
				MACOSX_DEPLOYMENT_TARGET = 10.8;
				SDKROOT = macosx;
			};
			name = Release;
		};
		9B462B4315CA506900BBC101 /* Debug */ = {
			isa = XCBuildConfiguration;
			buildSettings = {
				ALWAYS_SEARCH_USER_PATHS = NO;
				COPY_PHASE_STRIP = NO;
				GCC_DYNAMIC_NO_PIC = NO;
				GCC_ENABLE_OBJC_EXCEPTIONS = YES;
				GCC_PRECOMPILE_PREFIX_HEADER = YES;
				GCC_PREFIX_HEADER = "HelloCocos2d-3/Prefix.pch";
				HEADER_SEARCH_PATHS = "\"HelloCocos2d-3/libs/kazmath/include\"";
				INFOPLIST_FILE = "HelloCocos2d-3/Resources/Info.plist";
				MACOSX_DEPLOYMENT_TARGET = 10.7;
				OTHER_LDFLAGS = (
					"-lz",
					"-ObjC",
				);
				PRODUCT_NAME = "$(TARGET_NAME)";
				WRAPPER_EXTENSION = app;
			};
			name = Debug;
		};
		9B462B4415CA506900BBC101 /* Release */ = {
			isa = XCBuildConfiguration;
			buildSettings = {
				ALWAYS_SEARCH_USER_PATHS = NO;
				COPY_PHASE_STRIP = YES;
				DEBUG_INFORMATION_FORMAT = "dwarf-with-dsym";
				GCC_ENABLE_OBJC_EXCEPTIONS = YES;
				GCC_PRECOMPILE_PREFIX_HEADER = YES;
				GCC_PREFIX_HEADER = "HelloCocos2d-3/Prefix.pch";
				HEADER_SEARCH_PATHS = "\"HelloCocos2d-3/libs/kazmath/include\"";
				INFOPLIST_FILE = "HelloCocos2d-3/Resources/Info.plist";
				MACOSX_DEPLOYMENT_TARGET = 10.7;
				OTHER_LDFLAGS = (
					"-lz",
					"-ObjC",
				);
				PRODUCT_NAME = "$(TARGET_NAME)";
				WRAPPER_EXTENSION = app;
			};
			name = Release;
		};
/* End XCBuildConfiguration section */

/* Begin XCConfigurationList section */
		9B4629B215CA506600BBC101 /* Build configuration list for PBXProject "HelloCocos2d-3" */ = {
			isa = XCConfigurationList;
			buildConfigurations = (
				9B462B4015CA506900BBC101 /* Debug */,
				9B462B4115CA506900BBC101 /* Release */,
			);
			defaultConfigurationIsVisible = 0;
			defaultConfigurationName = Release;
		};
		9B462B4215CA506900BBC101 /* Build configuration list for PBXNativeTarget "HelloCocos2d-3" */ = {
			isa = XCConfigurationList;
			buildConfigurations = (
				9B462B4315CA506900BBC101 /* Debug */,
				9B462B4415CA506900BBC101 /* Release */,
			);
			defaultConfigurationIsVisible = 0;
		};
/* End XCConfigurationList section */
	};
	rootObject = 9B4629AF15CA506600BBC101 /* Project object */;
}
